
Microsoft Visual Studio Solution File, Format Version 12.00
# Visual Studio Version 17
VisualStudioVersion = 17.9.34616.47
MinimumVisualStudioVersion = 10.0.40219.1
Project("{9A19103F-16F7-4668-BE54-9A1E7A4F7556}") = "Booking.API", "Application\Booking.API\Booking.API.csproj", "{2DC1A390-34BE-4A2B-9AAB-1CF3C4D383B4}"
EndProject
Project("{9A19103F-16F7-4668-BE54-9A1E7A4F7556}") = "VinZ.MessageQueue", "VinZ\MessageQueue\VinZ.MessageQueue.csproj", "{4E9989DB-0AB8-4036-ABE4-852C8B91530F}"
EndProject
Project("{9A19103F-16F7-4668-BE54-9A1E7A4F7556}") = "VinZ.MessageQueue.Contract", "VinZ\MessageQueue.Contracts\VinZ.MessageQueue.Contract.csproj", "{290995D1-BBBB-42C5-9310-9BA79C29A333}"
EndProject
Project("{9A19103F-16F7-4668-BE54-9A1E7A4F7556}") = "VinZ.FakeTime", "VinZ\FakeTime\VinZ.FakeTime.csproj", "{A9FFC471-B525-402E-8965-65835FFC1EC1}"
EndProject
Project("{9A19103F-16F7-4668-BE54-9A1E7A4F7556}") = "VinZ.FakeTime.Contract", "VinZ\FakeTime.Contracts\VinZ.FakeTime.Contract.csproj", "{25A73BEF-D025-4A10-8DF5-896057D16789}"
EndProject
Project("{2150E333-8FDC-42A3-9474-1A3956D46DE8}") = "9_Common", "9_Common", "{A621E367-C479-4911-A23D-FD879A3277A2}"
EndProject
Project("{2150E333-8FDC-42A3-9474-1A3956D46DE8}") = "2_Business", "2_Business", "{1B6C735A-8887-4B74-86E8-88999D61D72A}"
EndProject
Project("{9A19103F-16F7-4668-BE54-9A1E7A4F7556}") = "VinZ.ToolBox", "VinZ\ToolBox\VinZ.ToolBox.csproj", "{16143EDE-016E-44BF-84EA-BC552A100DA6}"
EndProject
Project("{9A19103F-16F7-4668-BE54-9A1E7A4F7556}") = "VinZ.ParsableHelper", "VinZ\ParsableHelper\VinZ.ParsableHelper.csproj", "{94421652-1370-46DE-96E0-3E0CDBD71BE7}"
EndProject
Project("{9A19103F-16F7-4668-BE54-9A1E7A4F7556}") = "VinZ.PositionHelper", "VinZ\PositionHelper\VinZ.PositionHelper.csproj", "{6742988D-08AF-4F74-B4F3-88C047D5E2E5}"
EndProject
Project("{9A19103F-16F7-4668-BE54-9A1E7A4F7556}") = "VinZ.NumberHelper", "VinZ\NumberHelper\VinZ.NumberHelper.csproj", "{2EAFC4AC-9EE7-4043-9356-25A4FB1DF21A}"
EndProject
Project("{9A19103F-16F7-4668-BE54-9A1E7A4F7556}") = "VinZ.StringHelper", "VinZ\StringHelper\VinZ.StringHelper.csproj", "{8ADF3DD9-D99C-47A9-A304-F0CFEBBBA442}"
EndProject
Project("{9A19103F-16F7-4668-BE54-9A1E7A4F7556}") = "VinZ.GeoIndexing", "VinZ\GeoIndexing\VinZ.GeoIndexing.csproj", "{B95F1380-5860-4510-89C8-BC42E6FB6944}"
EndProject
Project("{9A19103F-16F7-4668-BE54-9A1E7A4F7556}") = "VinZ.GeoIndexing.Contract", "VinZ\GeoIndexing.Contract\VinZ.GeoIndexing.Contract.csproj", "{C8675AC4-324B-4ED9-8A2F-9173A671DAB7}"
EndProject
Project("{9A19103F-16F7-4668-BE54-9A1E7A4F7556}") = "Vinz.RecordHelper", "VinZ\RecordHelper\Vinz.RecordHelper.csproj", "{B2A9726D-BF39-4AED-97A7-264C67E41239}"
EndProject
Project("{9A19103F-16F7-4668-BE54-9A1E7A4F7556}") = "VinZ.ServerContext", "VinZ\ServerContext\VinZ.ServerContext.csproj", "{FAC18B47-AF81-4A82-9EBD-BDB7CA8A0821}"
EndProject
Project("{9A19103F-16F7-4668-BE54-9A1E7A4F7556}") = "VinZ.ServerContext.Contract", "VinZ\ServerContext.Contract\VinZ.ServerContext.Contract.csproj", "{711B5667-1E01-4C4F-8B8B-463A529CD7E7}"
EndProject
Project("{9A19103F-16F7-4668-BE54-9A1E7A4F7556}") = "VinZ.UUIDHelper", "VinZ\UUIDHelper\VinZ.UUIDHelper.csproj", "{296E560B-CBA0-4E77-8E4A-4E6F1AF016B7}"
EndProject
Project("{9A19103F-16F7-4668-BE54-9A1E7A4F7556}") = "VinZ.Hash64", "VinZ\Hash64\VinZ.Hash64.csproj", "{E140E340-424B-4324-BF3C-10FF5056FB76}"
EndProject
Project("{9A19103F-16F7-4668-BE54-9A1E7A4F7556}") = "VinZ.Paging", "VinZ\Paging\VinZ.Paging.csproj", "{5D1242B1-1B11-40B9-8681-4F02EFFF0CB8}"
EndProject
Project("{9A19103F-16F7-4668-BE54-9A1E7A4F7556}") = "VinZ.DbContextHelper", "VinZ\TransactionHelper\VinZ.DbContextHelper.csproj", "{0CBECF1C-21DF-4806-9AF1-92C769A12A56}"
EndProject
Project("{2150E333-8FDC-42A3-9474-1A3956D46DE8}") = "1_Application", "1_Application", "{E6711E40-9496-40AF-849F-6DB744F072CF}"
EndProject
Project("{9A19103F-16F7-4668-BE54-9A1E7A4F7556}") = "Booking.Admin", "Business\Booking.Admin\Booking.Admin.csproj", "{46323A0F-6EB7-4E54-A28D-3E88580061FB}"
EndProject
Project("{9A19103F-16F7-4668-BE54-9A1E7A4F7556}") = "Booking.Admin.Bus", "Infrastructure\Bus\Booking.Admin.Bus\Booking.Admin.Bus.csproj", "{49EF7E06-75DD-40B9-A574-28AAC1C9CBF7}"
EndProject
Project("{9A19103F-16F7-4668-BE54-9A1E7A4F7556}") = "Booking.Sales", "Business\Booking.Sales\Booking.Sales.csproj", "{CC3E7EA8-C4CA-4214-9F5B-6B7FCD356585}"
EndProject
Project("{9A19103F-16F7-4668-BE54-9A1E7A4F7556}") = "Booking.Sales.bus", "Infrastructure\Bus\Booking.Sales.Bus\Booking.Sales.bus.csproj", "{A61AD78E-4299-4DB0-B56F-2138E7A6D191}"
EndProject
Project("{9A19103F-16F7-4668-BE54-9A1E7A4F7556}") = "Billing", "Business\Billing\Billing.csproj", "{A930E01D-BFED-4944-BE1B-AED839187496}"
EndProject
Project("{9A19103F-16F7-4668-BE54-9A1E7A4F7556}") = "Billing.Bus", "Infrastructure\Bus\Billing.Bus\Billing.Bus.csproj", "{5A5E33EF-4586-48A1-8F51-21380B5022DE}"
EndProject
Project("{9A19103F-16F7-4668-BE54-9A1E7A4F7556}") = "Booking.Planning", "Business\Booking.Planning\Booking.Planning.csproj", "{573B0A22-5280-4C9B-BFCE-492441EB4D03}"
EndProject
Project("{9A19103F-16F7-4668-BE54-9A1E7A4F7556}") = "Booking.Planning.Bus", "Infrastructure\Bus\Booking.Planning.Bus\Booking.Planning.Bus.csproj", "{8A0FE9AE-4056-404E-AB6B-231095787C1A}"
EndProject
Project("{2150E333-8FDC-42A3-9474-1A3956D46DE8}") = "Infrastructure.Network", "Infrastructure.Network", "{772CABC4-AF89-4028-8CFD-7972D26F0E69}"
EndProject
Project("{9A19103F-16F7-4668-BE54-9A1E7A4F7556}") = "ThirdParty", "Business\ThirdParty\ThirdParty.csproj", "{6042D693-B7A8-4B0D-AC10-92054622371E}"
EndProject
Project("{2150E333-8FDC-42A3-9474-1A3956D46DE8}") = "3_Infrastructure", "3_Infrastructure", "{3EE78606-F45F-41AF-9280-B96796905DF8}"
EndProject
Project("{9A19103F-16F7-4668-BE54-9A1E7A4F7556}") = "Infrastructure.Network.Bus", "Infrastructure\Bus\Application.Bus\Infrastructure.Network.Bus.csproj", "{4139F28B-F78A-4C5E-8820-75662541C37D}"
EndProject
Project("{9A19103F-16F7-4668-BE54-9A1E7A4F7556}") = "Business.Common", "Business\Business.Common\Business.Common.csproj", "{731DE7D2-8B18-4D80-9EDD-CFA6B79E177E}"
EndProject
Project("{9A19103F-16F7-4668-BE54-9A1E7A4F7556}") = "Infrastructure.Common", "Infrastructure\Infrastructure.Common\Infrastructure.Common.csproj", "{89DF4F2C-1B5C-4CE2-ACE0-705AA8D4D486}"
EndProject
Project("{2150E333-8FDC-42A3-9474-1A3956D46DE8}") = "Infrastructure.Storage", "Infrastructure.Storage", "{622DE17F-8186-49C7-916B-97BDCCC4EAB6}"
EndProject
Project("{9A19103F-16F7-4668-BE54-9A1E7A4F7556}") = "Money.Repository", "Infrastructure\Repository\Money.Repository\Money.Repository.csproj", "{742DAF79-C1B1-4351-AF78-79F9E1649AC1}"
EndProject
Project("{9A19103F-16F7-4668-BE54-9A1E7A4F7556}") = "Booking.Admin.Repository", "Infrastructure\Repository\Booking.Admin.Repository\Booking.Admin.Repository.csproj", "{F75EA035-9B0E-40FA-9DEA-D05BE087E4A9}"
EndProject
Project("{9A19103F-16F7-4668-BE54-9A1E7A4F7556}") = "Booking.Sales.Repository", "Infrastructure\Repository\Booking.Sales.Repository\Booking.Sales.Repository.csproj", "{E2B5BB16-7571-4CAD-8A4C-3DC48CF7BF3A}"
EndProject
Project("{9A19103F-16F7-4668-BE54-9A1E7A4F7556}") = "Booking.Planning.Repository", "Infrastructure\Repository\Booking.Planning.Repository\Booking.Planning.Repository.csproj", "{F24D710F-2EC6-47D3-8BC8-4DE132614AB3}"
EndProject
Project("{9A19103F-16F7-4668-BE54-9A1E7A4F7556}") = "GeoIndexing.Repository", "Infrastructure\Repository\GeoIndexing.Repository\GeoIndexing.Repository.csproj", "{6D071493-0D6B-4C29-9B9B-3566E3B82B76}"
EndProject
Project("{9A19103F-16F7-4668-BE54-9A1E7A4F7556}") = "Bus.Repository", "Infrastructure\Repository\Bus.Repository\Bus.Repository.csproj", "{35352B34-201E-4169-B557-B94D6A794414}"
EndProject
Project("{9A19103F-16F7-4668-BE54-9A1E7A4F7556}") = "Infrastructure.Storage.Repository", "Infrastructure\Repository\Infrastructure.Repository.Common\Infrastructure.Storage.Repository.csproj", "{2373D641-4993-4637-903B-E36FA0F1C8BA}"
EndProject
Project("{9A19103F-16F7-4668-BE54-9A1E7A4F7556}") = "Booking.Enterprise.Bus", "Infrastructure\BookingKata.Enterprise\Enterprise.Bus\Booking.Enterprise.Bus.csproj", "{02B566B8-3B23-41EB-B624-A03F51EAF59C}"
EndProject
Project("{9A19103F-16F7-4668-BE54-9A1E7A4F7556}") = "Booking.Enterprise.Storage", "Infrastructure\BookingKata.Enterprise\Enterprise.Repository\Booking.Enterprise.Storage.csproj", "{9BD9DD31-0ACC-43F6-8DAB-2C7335E00100}"
EndProject
Project("{2150E333-8FDC-42A3-9474-1A3956D46DE8}") = "Booking", "Booking", "{914E9794-EE05-4D3A-A8B9-2B1CE260BB35}"
EndProject
Project("{2150E333-8FDC-42A3-9474-1A3956D46DE8}") = "Booking", "Booking", "{E2C91C3C-F44B-4684-A952-A714851919C1}"
EndProject
Project("{FAE04EC0-301F-11D3-BF4B-00C04F79EFBC}") = "VinZ.JsonHelper", "VinZ\JsonHelper\VinZ.JsonHelper.csproj", "{1AEF19F0-BADF-42C8-B2D9-01F627576BBD}"
EndProject
Global
	GlobalSection(SolutionConfigurationPlatforms) = preSolution
		Debug|Any CPU = Debug|Any CPU
		Release|Any CPU = Release|Any CPU
	EndGlobalSection
	GlobalSection(ProjectConfigurationPlatforms) = postSolution
		{2DC1A390-34BE-4A2B-9AAB-1CF3C4D383B4}.Debug|Any CPU.ActiveCfg = Debug|Any CPU
		{2DC1A390-34BE-4A2B-9AAB-1CF3C4D383B4}.Debug|Any CPU.Build.0 = Debug|Any CPU
		{2DC1A390-34BE-4A2B-9AAB-1CF3C4D383B4}.Release|Any CPU.ActiveCfg = Release|Any CPU
		{2DC1A390-34BE-4A2B-9AAB-1CF3C4D383B4}.Release|Any CPU.Build.0 = Release|Any CPU
		{4E9989DB-0AB8-4036-ABE4-852C8B91530F}.Debug|Any CPU.ActiveCfg = Debug|Any CPU
		{4E9989DB-0AB8-4036-ABE4-852C8B91530F}.Debug|Any CPU.Build.0 = Debug|Any CPU
		{4E9989DB-0AB8-4036-ABE4-852C8B91530F}.Release|Any CPU.ActiveCfg = Release|Any CPU
		{4E9989DB-0AB8-4036-ABE4-852C8B91530F}.Release|Any CPU.Build.0 = Release|Any CPU
		{290995D1-BBBB-42C5-9310-9BA79C29A333}.Debug|Any CPU.ActiveCfg = Debug|Any CPU
		{290995D1-BBBB-42C5-9310-9BA79C29A333}.Debug|Any CPU.Build.0 = Debug|Any CPU
		{290995D1-BBBB-42C5-9310-9BA79C29A333}.Release|Any CPU.ActiveCfg = Release|Any CPU
		{290995D1-BBBB-42C5-9310-9BA79C29A333}.Release|Any CPU.Build.0 = Release|Any CPU
		{A9FFC471-B525-402E-8965-65835FFC1EC1}.Debug|Any CPU.ActiveCfg = Debug|Any CPU
		{A9FFC471-B525-402E-8965-65835FFC1EC1}.Debug|Any CPU.Build.0 = Debug|Any CPU
		{A9FFC471-B525-402E-8965-65835FFC1EC1}.Release|Any CPU.ActiveCfg = Release|Any CPU
		{A9FFC471-B525-402E-8965-65835FFC1EC1}.Release|Any CPU.Build.0 = Release|Any CPU
		{25A73BEF-D025-4A10-8DF5-896057D16789}.Debug|Any CPU.ActiveCfg = Debug|Any CPU
		{25A73BEF-D025-4A10-8DF5-896057D16789}.Debug|Any CPU.Build.0 = Debug|Any CPU
		{25A73BEF-D025-4A10-8DF5-896057D16789}.Release|Any CPU.ActiveCfg = Release|Any CPU
		{25A73BEF-D025-4A10-8DF5-896057D16789}.Release|Any CPU.Build.0 = Release|Any CPU
		{16143EDE-016E-44BF-84EA-BC552A100DA6}.Debug|Any CPU.ActiveCfg = Debug|Any CPU
		{16143EDE-016E-44BF-84EA-BC552A100DA6}.Debug|Any CPU.Build.0 = Debug|Any CPU
		{16143EDE-016E-44BF-84EA-BC552A100DA6}.Release|Any CPU.ActiveCfg = Release|Any CPU
		{16143EDE-016E-44BF-84EA-BC552A100DA6}.Release|Any CPU.Build.0 = Release|Any CPU
		{94421652-1370-46DE-96E0-3E0CDBD71BE7}.Debug|Any CPU.ActiveCfg = Debug|Any CPU
		{94421652-1370-46DE-96E0-3E0CDBD71BE7}.Debug|Any CPU.Build.0 = Debug|Any CPU
		{94421652-1370-46DE-96E0-3E0CDBD71BE7}.Release|Any CPU.ActiveCfg = Release|Any CPU
		{94421652-1370-46DE-96E0-3E0CDBD71BE7}.Release|Any CPU.Build.0 = Release|Any CPU
		{6742988D-08AF-4F74-B4F3-88C047D5E2E5}.Debug|Any CPU.ActiveCfg = Debug|Any CPU
		{6742988D-08AF-4F74-B4F3-88C047D5E2E5}.Debug|Any CPU.Build.0 = Debug|Any CPU
		{6742988D-08AF-4F74-B4F3-88C047D5E2E5}.Release|Any CPU.ActiveCfg = Release|Any CPU
		{6742988D-08AF-4F74-B4F3-88C047D5E2E5}.Release|Any CPU.Build.0 = Release|Any CPU
		{2EAFC4AC-9EE7-4043-9356-25A4FB1DF21A}.Debug|Any CPU.ActiveCfg = Debug|Any CPU
		{2EAFC4AC-9EE7-4043-9356-25A4FB1DF21A}.Debug|Any CPU.Build.0 = Debug|Any CPU
		{2EAFC4AC-9EE7-4043-9356-25A4FB1DF21A}.Release|Any CPU.ActiveCfg = Release|Any CPU
		{2EAFC4AC-9EE7-4043-9356-25A4FB1DF21A}.Release|Any CPU.Build.0 = Release|Any CPU
		{8ADF3DD9-D99C-47A9-A304-F0CFEBBBA442}.Debug|Any CPU.ActiveCfg = Debug|Any CPU
		{8ADF3DD9-D99C-47A9-A304-F0CFEBBBA442}.Debug|Any CPU.Build.0 = Debug|Any CPU
		{8ADF3DD9-D99C-47A9-A304-F0CFEBBBA442}.Release|Any CPU.ActiveCfg = Release|Any CPU
		{8ADF3DD9-D99C-47A9-A304-F0CFEBBBA442}.Release|Any CPU.Build.0 = Release|Any CPU
		{B95F1380-5860-4510-89C8-BC42E6FB6944}.Debug|Any CPU.ActiveCfg = Debug|Any CPU
		{B95F1380-5860-4510-89C8-BC42E6FB6944}.Debug|Any CPU.Build.0 = Debug|Any CPU
		{B95F1380-5860-4510-89C8-BC42E6FB6944}.Release|Any CPU.ActiveCfg = Release|Any CPU
		{B95F1380-5860-4510-89C8-BC42E6FB6944}.Release|Any CPU.Build.0 = Release|Any CPU
		{C8675AC4-324B-4ED9-8A2F-9173A671DAB7}.Debug|Any CPU.ActiveCfg = Debug|Any CPU
		{C8675AC4-324B-4ED9-8A2F-9173A671DAB7}.Debug|Any CPU.Build.0 = Debug|Any CPU
		{C8675AC4-324B-4ED9-8A2F-9173A671DAB7}.Release|Any CPU.ActiveCfg = Release|Any CPU
		{C8675AC4-324B-4ED9-8A2F-9173A671DAB7}.Release|Any CPU.Build.0 = Release|Any CPU
		{B2A9726D-BF39-4AED-97A7-264C67E41239}.Debug|Any CPU.ActiveCfg = Debug|Any CPU
		{B2A9726D-BF39-4AED-97A7-264C67E41239}.Debug|Any CPU.Build.0 = Debug|Any CPU
		{B2A9726D-BF39-4AED-97A7-264C67E41239}.Release|Any CPU.ActiveCfg = Release|Any CPU
		{B2A9726D-BF39-4AED-97A7-264C67E41239}.Release|Any CPU.Build.0 = Release|Any CPU
		{FAC18B47-AF81-4A82-9EBD-BDB7CA8A0821}.Debug|Any CPU.ActiveCfg = Debug|Any CPU
		{FAC18B47-AF81-4A82-9EBD-BDB7CA8A0821}.Debug|Any CPU.Build.0 = Debug|Any CPU
		{FAC18B47-AF81-4A82-9EBD-BDB7CA8A0821}.Release|Any CPU.ActiveCfg = Release|Any CPU
		{FAC18B47-AF81-4A82-9EBD-BDB7CA8A0821}.Release|Any CPU.Build.0 = Release|Any CPU
		{711B5667-1E01-4C4F-8B8B-463A529CD7E7}.Debug|Any CPU.ActiveCfg = Debug|Any CPU
		{711B5667-1E01-4C4F-8B8B-463A529CD7E7}.Debug|Any CPU.Build.0 = Debug|Any CPU
		{711B5667-1E01-4C4F-8B8B-463A529CD7E7}.Release|Any CPU.ActiveCfg = Release|Any CPU
		{711B5667-1E01-4C4F-8B8B-463A529CD7E7}.Release|Any CPU.Build.0 = Release|Any CPU
		{296E560B-CBA0-4E77-8E4A-4E6F1AF016B7}.Debug|Any CPU.ActiveCfg = Debug|Any CPU
		{296E560B-CBA0-4E77-8E4A-4E6F1AF016B7}.Debug|Any CPU.Build.0 = Debug|Any CPU
		{296E560B-CBA0-4E77-8E4A-4E6F1AF016B7}.Release|Any CPU.ActiveCfg = Release|Any CPU
		{296E560B-CBA0-4E77-8E4A-4E6F1AF016B7}.Release|Any CPU.Build.0 = Release|Any CPU
		{E140E340-424B-4324-BF3C-10FF5056FB76}.Debug|Any CPU.ActiveCfg = Debug|Any CPU
		{E140E340-424B-4324-BF3C-10FF5056FB76}.Debug|Any CPU.Build.0 = Debug|Any CPU
		{E140E340-424B-4324-BF3C-10FF5056FB76}.Release|Any CPU.ActiveCfg = Release|Any CPU
		{E140E340-424B-4324-BF3C-10FF5056FB76}.Release|Any CPU.Build.0 = Release|Any CPU
		{5D1242B1-1B11-40B9-8681-4F02EFFF0CB8}.Debug|Any CPU.ActiveCfg = Debug|Any CPU
		{5D1242B1-1B11-40B9-8681-4F02EFFF0CB8}.Debug|Any CPU.Build.0 = Debug|Any CPU
		{5D1242B1-1B11-40B9-8681-4F02EFFF0CB8}.Release|Any CPU.ActiveCfg = Release|Any CPU
		{5D1242B1-1B11-40B9-8681-4F02EFFF0CB8}.Release|Any CPU.Build.0 = Release|Any CPU
		{0CBECF1C-21DF-4806-9AF1-92C769A12A56}.Debug|Any CPU.ActiveCfg = Debug|Any CPU
		{0CBECF1C-21DF-4806-9AF1-92C769A12A56}.Debug|Any CPU.Build.0 = Debug|Any CPU
		{0CBECF1C-21DF-4806-9AF1-92C769A12A56}.Release|Any CPU.ActiveCfg = Release|Any CPU
		{0CBECF1C-21DF-4806-9AF1-92C769A12A56}.Release|Any CPU.Build.0 = Release|Any CPU
		{46323A0F-6EB7-4E54-A28D-3E88580061FB}.Debug|Any CPU.ActiveCfg = Debug|Any CPU
		{46323A0F-6EB7-4E54-A28D-3E88580061FB}.Debug|Any CPU.Build.0 = Debug|Any CPU
		{46323A0F-6EB7-4E54-A28D-3E88580061FB}.Release|Any CPU.ActiveCfg = Release|Any CPU
		{46323A0F-6EB7-4E54-A28D-3E88580061FB}.Release|Any CPU.Build.0 = Release|Any CPU
		{49EF7E06-75DD-40B9-A574-28AAC1C9CBF7}.Debug|Any CPU.ActiveCfg = Debug|Any CPU
		{49EF7E06-75DD-40B9-A574-28AAC1C9CBF7}.Debug|Any CPU.Build.0 = Debug|Any CPU
		{49EF7E06-75DD-40B9-A574-28AAC1C9CBF7}.Release|Any CPU.ActiveCfg = Release|Any CPU
		{49EF7E06-75DD-40B9-A574-28AAC1C9CBF7}.Release|Any CPU.Build.0 = Release|Any CPU
		{CC3E7EA8-C4CA-4214-9F5B-6B7FCD356585}.Debug|Any CPU.ActiveCfg = Debug|Any CPU
		{CC3E7EA8-C4CA-4214-9F5B-6B7FCD356585}.Debug|Any CPU.Build.0 = Debug|Any CPU
		{CC3E7EA8-C4CA-4214-9F5B-6B7FCD356585}.Release|Any CPU.ActiveCfg = Release|Any CPU
		{CC3E7EA8-C4CA-4214-9F5B-6B7FCD356585}.Release|Any CPU.Build.0 = Release|Any CPU
		{A61AD78E-4299-4DB0-B56F-2138E7A6D191}.Debug|Any CPU.ActiveCfg = Debug|Any CPU
		{A61AD78E-4299-4DB0-B56F-2138E7A6D191}.Debug|Any CPU.Build.0 = Debug|Any CPU
		{A61AD78E-4299-4DB0-B56F-2138E7A6D191}.Release|Any CPU.ActiveCfg = Release|Any CPU
		{A61AD78E-4299-4DB0-B56F-2138E7A6D191}.Release|Any CPU.Build.0 = Release|Any CPU
		{A930E01D-BFED-4944-BE1B-AED839187496}.Debug|Any CPU.ActiveCfg = Debug|Any CPU
		{A930E01D-BFED-4944-BE1B-AED839187496}.Debug|Any CPU.Build.0 = Debug|Any CPU
		{A930E01D-BFED-4944-BE1B-AED839187496}.Release|Any CPU.ActiveCfg = Release|Any CPU
		{A930E01D-BFED-4944-BE1B-AED839187496}.Release|Any CPU.Build.0 = Release|Any CPU
		{5A5E33EF-4586-48A1-8F51-21380B5022DE}.Debug|Any CPU.ActiveCfg = Debug|Any CPU
		{5A5E33EF-4586-48A1-8F51-21380B5022DE}.Debug|Any CPU.Build.0 = Debug|Any CPU
		{5A5E33EF-4586-48A1-8F51-21380B5022DE}.Release|Any CPU.ActiveCfg = Release|Any CPU
		{5A5E33EF-4586-48A1-8F51-21380B5022DE}.Release|Any CPU.Build.0 = Release|Any CPU
		{573B0A22-5280-4C9B-BFCE-492441EB4D03}.Debug|Any CPU.ActiveCfg = Debug|Any CPU
		{573B0A22-5280-4C9B-BFCE-492441EB4D03}.Debug|Any CPU.Build.0 = Debug|Any CPU
		{573B0A22-5280-4C9B-BFCE-492441EB4D03}.Release|Any CPU.ActiveCfg = Release|Any CPU
		{573B0A22-5280-4C9B-BFCE-492441EB4D03}.Release|Any CPU.Build.0 = Release|Any CPU
		{8A0FE9AE-4056-404E-AB6B-231095787C1A}.Debug|Any CPU.ActiveCfg = Debug|Any CPU
		{8A0FE9AE-4056-404E-AB6B-231095787C1A}.Debug|Any CPU.Build.0 = Debug|Any CPU
		{8A0FE9AE-4056-404E-AB6B-231095787C1A}.Release|Any CPU.ActiveCfg = Release|Any CPU
		{8A0FE9AE-4056-404E-AB6B-231095787C1A}.Release|Any CPU.Build.0 = Release|Any CPU
		{6042D693-B7A8-4B0D-AC10-92054622371E}.Debug|Any CPU.ActiveCfg = Debug|Any CPU
		{6042D693-B7A8-4B0D-AC10-92054622371E}.Debug|Any CPU.Build.0 = Debug|Any CPU
		{6042D693-B7A8-4B0D-AC10-92054622371E}.Release|Any CPU.ActiveCfg = Release|Any CPU
		{6042D693-B7A8-4B0D-AC10-92054622371E}.Release|Any CPU.Build.0 = Release|Any CPU
		{4139F28B-F78A-4C5E-8820-75662541C37D}.Debug|Any CPU.ActiveCfg = Debug|Any CPU
		{4139F28B-F78A-4C5E-8820-75662541C37D}.Debug|Any CPU.Build.0 = Debug|Any CPU
		{4139F28B-F78A-4C5E-8820-75662541C37D}.Release|Any CPU.ActiveCfg = Release|Any CPU
		{4139F28B-F78A-4C5E-8820-75662541C37D}.Release|Any CPU.Build.0 = Release|Any CPU
		{731DE7D2-8B18-4D80-9EDD-CFA6B79E177E}.Debug|Any CPU.ActiveCfg = Debug|Any CPU
		{731DE7D2-8B18-4D80-9EDD-CFA6B79E177E}.Debug|Any CPU.Build.0 = Debug|Any CPU
		{731DE7D2-8B18-4D80-9EDD-CFA6B79E177E}.Release|Any CPU.ActiveCfg = Release|Any CPU
		{731DE7D2-8B18-4D80-9EDD-CFA6B79E177E}.Release|Any CPU.Build.0 = Release|Any CPU
		{89DF4F2C-1B5C-4CE2-ACE0-705AA8D4D486}.Debug|Any CPU.ActiveCfg = Debug|Any CPU
		{89DF4F2C-1B5C-4CE2-ACE0-705AA8D4D486}.Debug|Any CPU.Build.0 = Debug|Any CPU
		{89DF4F2C-1B5C-4CE2-ACE0-705AA8D4D486}.Release|Any CPU.ActiveCfg = Release|Any CPU
		{89DF4F2C-1B5C-4CE2-ACE0-705AA8D4D486}.Release|Any CPU.Build.0 = Release|Any CPU
		{742DAF79-C1B1-4351-AF78-79F9E1649AC1}.Debug|Any CPU.ActiveCfg = Debug|Any CPU
		{742DAF79-C1B1-4351-AF78-79F9E1649AC1}.Debug|Any CPU.Build.0 = Debug|Any CPU
		{742DAF79-C1B1-4351-AF78-79F9E1649AC1}.Release|Any CPU.ActiveCfg = Release|Any CPU
		{742DAF79-C1B1-4351-AF78-79F9E1649AC1}.Release|Any CPU.Build.0 = Release|Any CPU
		{F75EA035-9B0E-40FA-9DEA-D05BE087E4A9}.Debug|Any CPU.ActiveCfg = Debug|Any CPU
		{F75EA035-9B0E-40FA-9DEA-D05BE087E4A9}.Debug|Any CPU.Build.0 = Debug|Any CPU
		{F75EA035-9B0E-40FA-9DEA-D05BE087E4A9}.Release|Any CPU.ActiveCfg = Release|Any CPU
		{F75EA035-9B0E-40FA-9DEA-D05BE087E4A9}.Release|Any CPU.Build.0 = Release|Any CPU
		{E2B5BB16-7571-4CAD-8A4C-3DC48CF7BF3A}.Debug|Any CPU.ActiveCfg = Debug|Any CPU
		{E2B5BB16-7571-4CAD-8A4C-3DC48CF7BF3A}.Debug|Any CPU.Build.0 = Debug|Any CPU
		{E2B5BB16-7571-4CAD-8A4C-3DC48CF7BF3A}.Release|Any CPU.ActiveCfg = Release|Any CPU
		{E2B5BB16-7571-4CAD-8A4C-3DC48CF7BF3A}.Release|Any CPU.Build.0 = Release|Any CPU
		{F24D710F-2EC6-47D3-8BC8-4DE132614AB3}.Debug|Any CPU.ActiveCfg = Debug|Any CPU
		{F24D710F-2EC6-47D3-8BC8-4DE132614AB3}.Debug|Any CPU.Build.0 = Debug|Any CPU
		{F24D710F-2EC6-47D3-8BC8-4DE132614AB3}.Release|Any CPU.ActiveCfg = Release|Any CPU
		{F24D710F-2EC6-47D3-8BC8-4DE132614AB3}.Release|Any CPU.Build.0 = Release|Any CPU
		{6D071493-0D6B-4C29-9B9B-3566E3B82B76}.Debug|Any CPU.ActiveCfg = Debug|Any CPU
		{6D071493-0D6B-4C29-9B9B-3566E3B82B76}.Debug|Any CPU.Build.0 = Debug|Any CPU
		{6D071493-0D6B-4C29-9B9B-3566E3B82B76}.Release|Any CPU.ActiveCfg = Release|Any CPU
		{6D071493-0D6B-4C29-9B9B-3566E3B82B76}.Release|Any CPU.Build.0 = Release|Any CPU
		{35352B34-201E-4169-B557-B94D6A794414}.Debug|Any CPU.ActiveCfg = Debug|Any CPU
		{35352B34-201E-4169-B557-B94D6A794414}.Debug|Any CPU.Build.0 = Debug|Any CPU
		{35352B34-201E-4169-B557-B94D6A794414}.Release|Any CPU.ActiveCfg = Release|Any CPU
		{35352B34-201E-4169-B557-B94D6A794414}.Release|Any CPU.Build.0 = Release|Any CPU
		{2373D641-4993-4637-903B-E36FA0F1C8BA}.Debug|Any CPU.ActiveCfg = Debug|Any CPU
		{2373D641-4993-4637-903B-E36FA0F1C8BA}.Debug|Any CPU.Build.0 = Debug|Any CPU
		{2373D641-4993-4637-903B-E36FA0F1C8BA}.Release|Any CPU.ActiveCfg = Release|Any CPU
		{2373D641-4993-4637-903B-E36FA0F1C8BA}.Release|Any CPU.Build.0 = Release|Any CPU
		{02B566B8-3B23-41EB-B624-A03F51EAF59C}.Debug|Any CPU.ActiveCfg = Debug|Any CPU
		{02B566B8-3B23-41EB-B624-A03F51EAF59C}.Debug|Any CPU.Build.0 = Debug|Any CPU
		{02B566B8-3B23-41EB-B624-A03F51EAF59C}.Release|Any CPU.ActiveCfg = Release|Any CPU
		{02B566B8-3B23-41EB-B624-A03F51EAF59C}.Release|Any CPU.Build.0 = Release|Any CPU
		{9BD9DD31-0ACC-43F6-8DAB-2C7335E00100}.Debug|Any CPU.ActiveCfg = Debug|Any CPU
		{9BD9DD31-0ACC-43F6-8DAB-2C7335E00100}.Debug|Any CPU.Build.0 = Debug|Any CPU
		{9BD9DD31-0ACC-43F6-8DAB-2C7335E00100}.Release|Any CPU.ActiveCfg = Release|Any CPU
		{9BD9DD31-0ACC-43F6-8DAB-2C7335E00100}.Release|Any CPU.Build.0 = Release|Any CPU
		{1AEF19F0-BADF-42C8-B2D9-01F627576BBD}.Debug|Any CPU.ActiveCfg = Debug|Any CPU
		{1AEF19F0-BADF-42C8-B2D9-01F627576BBD}.Debug|Any CPU.Build.0 = Debug|Any CPU
		{1AEF19F0-BADF-42C8-B2D9-01F627576BBD}.Release|Any CPU.ActiveCfg = Release|Any CPU
		{1AEF19F0-BADF-42C8-B2D9-01F627576BBD}.Release|Any CPU.Build.0 = Release|Any CPU
	EndGlobalSection
	GlobalSection(SolutionProperties) = preSolution
		HideSolutionNode = FALSE
	EndGlobalSection
	GlobalSection(NestedProjects) = preSolution
		{2DC1A390-34BE-4A2B-9AAB-1CF3C4D383B4} = {E6711E40-9496-40AF-849F-6DB744F072CF}
		{4E9989DB-0AB8-4036-ABE4-852C8B91530F} = {A621E367-C479-4911-A23D-FD879A3277A2}
		{290995D1-BBBB-42C5-9310-9BA79C29A333} = {A621E367-C479-4911-A23D-FD879A3277A2}
		{A9FFC471-B525-402E-8965-65835FFC1EC1} = {A621E367-C479-4911-A23D-FD879A3277A2}
		{25A73BEF-D025-4A10-8DF5-896057D16789} = {A621E367-C479-4911-A23D-FD879A3277A2}
		{16143EDE-016E-44BF-84EA-BC552A100DA6} = {A621E367-C479-4911-A23D-FD879A3277A2}
		{94421652-1370-46DE-96E0-3E0CDBD71BE7} = {A621E367-C479-4911-A23D-FD879A3277A2}
		{6742988D-08AF-4F74-B4F3-88C047D5E2E5} = {A621E367-C479-4911-A23D-FD879A3277A2}
		{2EAFC4AC-9EE7-4043-9356-25A4FB1DF21A} = {A621E367-C479-4911-A23D-FD879A3277A2}
		{8ADF3DD9-D99C-47A9-A304-F0CFEBBBA442} = {A621E367-C479-4911-A23D-FD879A3277A2}
		{B95F1380-5860-4510-89C8-BC42E6FB6944} = {A621E367-C479-4911-A23D-FD879A3277A2}
		{C8675AC4-324B-4ED9-8A2F-9173A671DAB7} = {A621E367-C479-4911-A23D-FD879A3277A2}
		{B2A9726D-BF39-4AED-97A7-264C67E41239} = {A621E367-C479-4911-A23D-FD879A3277A2}
		{FAC18B47-AF81-4A82-9EBD-BDB7CA8A0821} = {A621E367-C479-4911-A23D-FD879A3277A2}
		{711B5667-1E01-4C4F-8B8B-463A529CD7E7} = {A621E367-C479-4911-A23D-FD879A3277A2}
		{296E560B-CBA0-4E77-8E4A-4E6F1AF016B7} = {A621E367-C479-4911-A23D-FD879A3277A2}
		{E140E340-424B-4324-BF3C-10FF5056FB76} = {A621E367-C479-4911-A23D-FD879A3277A2}
		{5D1242B1-1B11-40B9-8681-4F02EFFF0CB8} = {A621E367-C479-4911-A23D-FD879A3277A2}
		{0CBECF1C-21DF-4806-9AF1-92C769A12A56} = {A621E367-C479-4911-A23D-FD879A3277A2}
		{46323A0F-6EB7-4E54-A28D-3E88580061FB} = {1B6C735A-8887-4B74-86E8-88999D61D72A}
		{49EF7E06-75DD-40B9-A574-28AAC1C9CBF7} = {914E9794-EE05-4D3A-A8B9-2B1CE260BB35}
		{CC3E7EA8-C4CA-4214-9F5B-6B7FCD356585} = {1B6C735A-8887-4B74-86E8-88999D61D72A}
		{A61AD78E-4299-4DB0-B56F-2138E7A6D191} = {914E9794-EE05-4D3A-A8B9-2B1CE260BB35}
		{A930E01D-BFED-4944-BE1B-AED839187496} = {1B6C735A-8887-4B74-86E8-88999D61D72A}
		{5A5E33EF-4586-48A1-8F51-21380B5022DE} = {772CABC4-AF89-4028-8CFD-7972D26F0E69}
		{573B0A22-5280-4C9B-BFCE-492441EB4D03} = {1B6C735A-8887-4B74-86E8-88999D61D72A}
		{8A0FE9AE-4056-404E-AB6B-231095787C1A} = {914E9794-EE05-4D3A-A8B9-2B1CE260BB35}
		{772CABC4-AF89-4028-8CFD-7972D26F0E69} = {3EE78606-F45F-41AF-9280-B96796905DF8}
		{6042D693-B7A8-4B0D-AC10-92054622371E} = {1B6C735A-8887-4B74-86E8-88999D61D72A}
		{4139F28B-F78A-4C5E-8820-75662541C37D} = {3EE78606-F45F-41AF-9280-B96796905DF8}
		{731DE7D2-8B18-4D80-9EDD-CFA6B79E177E} = {1B6C735A-8887-4B74-86E8-88999D61D72A}
		{89DF4F2C-1B5C-4CE2-ACE0-705AA8D4D486} = {3EE78606-F45F-41AF-9280-B96796905DF8}
		{622DE17F-8186-49C7-916B-97BDCCC4EAB6} = {3EE78606-F45F-41AF-9280-B96796905DF8}
		{742DAF79-C1B1-4351-AF78-79F9E1649AC1} = {622DE17F-8186-49C7-916B-97BDCCC4EAB6}
		{F75EA035-9B0E-40FA-9DEA-D05BE087E4A9} = {E2C91C3C-F44B-4684-A952-A714851919C1}
		{E2B5BB16-7571-4CAD-8A4C-3DC48CF7BF3A} = {E2C91C3C-F44B-4684-A952-A714851919C1}
		{F24D710F-2EC6-47D3-8BC8-4DE132614AB3} = {E2C91C3C-F44B-4684-A952-A714851919C1}
		{6D071493-0D6B-4C29-9B9B-3566E3B82B76} = {622DE17F-8186-49C7-916B-97BDCCC4EAB6}
		{35352B34-201E-4169-B557-B94D6A794414} = {622DE17F-8186-49C7-916B-97BDCCC4EAB6}
		{2373D641-4993-4637-903B-E36FA0F1C8BA} = {3EE78606-F45F-41AF-9280-B96796905DF8}
		{02B566B8-3B23-41EB-B624-A03F51EAF59C} = {E6711E40-9496-40AF-849F-6DB744F072CF}
		{9BD9DD31-0ACC-43F6-8DAB-2C7335E00100} = {E6711E40-9496-40AF-849F-6DB744F072CF}
		{914E9794-EE05-4D3A-A8B9-2B1CE260BB35} = {772CABC4-AF89-4028-8CFD-7972D26F0E69}
		{E2C91C3C-F44B-4684-A952-A714851919C1} = {622DE17F-8186-49C7-916B-97BDCCC4EAB6}
		{1AEF19F0-BADF-42C8-B2D9-01F627576BBD} = {A621E367-C479-4911-A23D-FD879A3277A2}
	EndGlobalSection
	GlobalSection(ExtensibilityGlobals) = postSolution
		SolutionGuid = {590111C3-57D0-485D-BF05-544FE98D0519}
	EndGlobalSection
EndGlobal
