
Microsoft Visual Studio Solution File, Format Version 12.00
# Visual Studio Version 17
VisualStudioVersion = 17.9.34616.47
MinimumVisualStudioVersion = 10.0.40219.1
Project("{9A19103F-16F7-4668-BE54-9A1E7A4F7556}") = "1_Booking.Business", "Booking\Booking.Business\1_Booking.Business.csproj", "{5E9C5C2B-8976-4BA9-BF8D-7C8BFD52006D}"
EndProject
Project("{9A19103F-16F7-4668-BE54-9A1E7A4F7556}") = "2_Booking.API", "Booking\Booking.API\2_Booking.API.csproj", "{2DC1A390-34BE-4A2B-9AAB-1CF3C4D383B4}"
EndProject
Project("{9A19103F-16F7-4668-BE54-9A1E7A4F7556}") = "9_Booking.Tests", "Booking\Booking.Tests\9_Booking.Tests.csproj", "{D4D95339-4425-4715-B978-42684F6C1B48}"
EndProject
Project("{9A19103F-16F7-4668-BE54-9A1E7A4F7556}") = "VinZ.MessageQueue", "VinZ\MessageQueue\VinZ.MessageQueue.csproj", "{4E9989DB-0AB8-4036-ABE4-852C8B91530F}"
EndProject
Project("{9A19103F-16F7-4668-BE54-9A1E7A4F7556}") = "VinZ.MessageQueue.Contracts", "VinZ\MessageQueue.Contracts\VinZ.MessageQueue.Contracts.csproj", "{290995D1-BBBB-42C5-9310-9BA79C29A333}"
EndProject
Project("{9A19103F-16F7-4668-BE54-9A1E7A4F7556}") = "VinZ.FakeTime", "VinZ\FakeTime\VinZ.FakeTime.csproj", "{A9FFC471-B525-402E-8965-65835FFC1EC1}"
EndProject
Project("{9A19103F-16F7-4668-BE54-9A1E7A4F7556}") = "VinZ.FakeTime.Contracts", "VinZ\FakeTime.Contracts\VinZ.FakeTime.Contracts.csproj", "{25A73BEF-D025-4A10-8DF5-896057D16789}"
EndProject
Project("{2150E333-8FDC-42A3-9474-1A3956D46DE8}") = "Z_VinZ.Common", "Z_VinZ.Common", "{A621E367-C479-4911-A23D-FD879A3277A2}"
EndProject
Project("{2150E333-8FDC-42A3-9474-1A3956D46DE8}") = "A_Booking", "A_Booking", "{1B6C735A-8887-4B74-86E8-88999D61D72A}"
EndProject
Project("{9A19103F-16F7-4668-BE54-9A1E7A4F7556}") = "VinZ.ToolBox", "VinZ\ToolBox\VinZ.ToolBox.csproj", "{16143EDE-016E-44BF-84EA-BC552A100DA6}"
EndProject
Project("{9A19103F-16F7-4668-BE54-9A1E7A4F7556}") = "VinZ.ParsableHelper", "VinZ\ParsableHelper\VinZ.ParsableHelper.csproj", "{94421652-1370-46DE-96E0-3E0CDBD71BE7}"
EndProject
Project("{9A19103F-16F7-4668-BE54-9A1E7A4F7556}") = "VinZ.PositionHelper", "VinZ\PositionHelper\VinZ.PositionHelper.csproj", "{6742988D-08AF-4F74-B4F3-88C047D5E2E5}"
EndProject
Project("{9A19103F-16F7-4668-BE54-9A1E7A4F7556}") = "VinZ.NumberHelper", "VinZ\NumberHelper\VinZ.NumberHelper.csproj", "{2EAFC4AC-9EE7-4043-9356-25A4FB1DF21A}"
EndProject
Project("{9A19103F-16F7-4668-BE54-9A1E7A4F7556}") = "VinZ.StringHelper", "VinZ\StringHelper\VinZ.StringHelper.csproj", "{8ADF3DD9-D99C-47A9-A304-F0CFEBBBA442}"
EndProject
Project("{9A19103F-16F7-4668-BE54-9A1E7A4F7556}") = "VinZ.GeoIndexing", "VinZ\GeoIndexing\VinZ.GeoIndexing.csproj", "{B95F1380-5860-4510-89C8-BC42E6FB6944}"
EndProject
Project("{9A19103F-16F7-4668-BE54-9A1E7A4F7556}") = "VinZ.GeoIndexing.Contract", "VinZ\GeoIndexing.Contract\VinZ.GeoIndexing.Contract.csproj", "{C8675AC4-324B-4ED9-8A2F-9173A671DAB7}"
EndProject
Project("{FAE04EC0-301F-11D3-BF4B-00C04F79EFBC}") = "Vinz.RecordHelper", "RecordHelper\Vinz.RecordHelper.csproj", "{B2A9726D-BF39-4AED-97A7-264C67E41239}"
EndProject
Global
	GlobalSection(SolutionConfigurationPlatforms) = preSolution
		Debug|Any CPU = Debug|Any CPU
		Release|Any CPU = Release|Any CPU
	EndGlobalSection
	GlobalSection(ProjectConfigurationPlatforms) = postSolution
		{5E9C5C2B-8976-4BA9-BF8D-7C8BFD52006D}.Debug|Any CPU.ActiveCfg = Debug|Any CPU
		{5E9C5C2B-8976-4BA9-BF8D-7C8BFD52006D}.Debug|Any CPU.Build.0 = Debug|Any CPU
		{5E9C5C2B-8976-4BA9-BF8D-7C8BFD52006D}.Release|Any CPU.ActiveCfg = Release|Any CPU
		{5E9C5C2B-8976-4BA9-BF8D-7C8BFD52006D}.Release|Any CPU.Build.0 = Release|Any CPU
		{2DC1A390-34BE-4A2B-9AAB-1CF3C4D383B4}.Debug|Any CPU.ActiveCfg = Debug|Any CPU
		{2DC1A390-34BE-4A2B-9AAB-1CF3C4D383B4}.Debug|Any CPU.Build.0 = Debug|Any CPU
		{2DC1A390-34BE-4A2B-9AAB-1CF3C4D383B4}.Release|Any CPU.ActiveCfg = Release|Any CPU
		{2DC1A390-34BE-4A2B-9AAB-1CF3C4D383B4}.Release|Any CPU.Build.0 = Release|Any CPU
		{D4D95339-4425-4715-B978-42684F6C1B48}.Debug|Any CPU.ActiveCfg = Debug|Any CPU
		{D4D95339-4425-4715-B978-42684F6C1B48}.Debug|Any CPU.Build.0 = Debug|Any CPU
		{D4D95339-4425-4715-B978-42684F6C1B48}.Release|Any CPU.ActiveCfg = Release|Any CPU
		{D4D95339-4425-4715-B978-42684F6C1B48}.Release|Any CPU.Build.0 = Release|Any CPU
		{4E9989DB-0AB8-4036-ABE4-852C8B91530F}.Debug|Any CPU.ActiveCfg = Debug|Any CPU
		{4E9989DB-0AB8-4036-ABE4-852C8B91530F}.Debug|Any CPU.Build.0 = Debug|Any CPU
		{4E9989DB-0AB8-4036-ABE4-852C8B91530F}.Release|Any CPU.ActiveCfg = Release|Any CPU
		{4E9989DB-0AB8-4036-ABE4-852C8B91530F}.Release|Any CPU.Build.0 = Release|Any CPU
		{290995D1-BBBB-42C5-9310-9BA79C29A333}.Debug|Any CPU.ActiveCfg = Debug|Any CPU
		{290995D1-BBBB-42C5-9310-9BA79C29A333}.Debug|Any CPU.Build.0 = Debug|Any CPU
		{290995D1-BBBB-42C5-9310-9BA79C29A333}.Release|Any CPU.ActiveCfg = Release|Any CPU
		{290995D1-BBBB-42C5-9310-9BA79C29A333}.Release|Any CPU.Build.0 = Release|Any CPU
		{A9FFC471-B525-402E-8965-65835FFC1EC1}.Debug|Any CPU.ActiveCfg = Debug|Any CPU
		{A9FFC471-B525-402E-8965-65835FFC1EC1}.Debug|Any CPU.Build.0 = Debug|Any CPU
		{A9FFC471-B525-402E-8965-65835FFC1EC1}.Release|Any CPU.ActiveCfg = Release|Any CPU
		{A9FFC471-B525-402E-8965-65835FFC1EC1}.Release|Any CPU.Build.0 = Release|Any CPU
		{25A73BEF-D025-4A10-8DF5-896057D16789}.Debug|Any CPU.ActiveCfg = Debug|Any CPU
		{25A73BEF-D025-4A10-8DF5-896057D16789}.Debug|Any CPU.Build.0 = Debug|Any CPU
		{25A73BEF-D025-4A10-8DF5-896057D16789}.Release|Any CPU.ActiveCfg = Release|Any CPU
		{25A73BEF-D025-4A10-8DF5-896057D16789}.Release|Any CPU.Build.0 = Release|Any CPU
		{16143EDE-016E-44BF-84EA-BC552A100DA6}.Debug|Any CPU.ActiveCfg = Debug|Any CPU
		{16143EDE-016E-44BF-84EA-BC552A100DA6}.Debug|Any CPU.Build.0 = Debug|Any CPU
		{16143EDE-016E-44BF-84EA-BC552A100DA6}.Release|Any CPU.ActiveCfg = Release|Any CPU
		{16143EDE-016E-44BF-84EA-BC552A100DA6}.Release|Any CPU.Build.0 = Release|Any CPU
		{94421652-1370-46DE-96E0-3E0CDBD71BE7}.Debug|Any CPU.ActiveCfg = Debug|Any CPU
		{94421652-1370-46DE-96E0-3E0CDBD71BE7}.Debug|Any CPU.Build.0 = Debug|Any CPU
		{94421652-1370-46DE-96E0-3E0CDBD71BE7}.Release|Any CPU.ActiveCfg = Release|Any CPU
		{94421652-1370-46DE-96E0-3E0CDBD71BE7}.Release|Any CPU.Build.0 = Release|Any CPU
		{6742988D-08AF-4F74-B4F3-88C047D5E2E5}.Debug|Any CPU.ActiveCfg = Debug|Any CPU
		{6742988D-08AF-4F74-B4F3-88C047D5E2E5}.Debug|Any CPU.Build.0 = Debug|Any CPU
		{6742988D-08AF-4F74-B4F3-88C047D5E2E5}.Release|Any CPU.ActiveCfg = Release|Any CPU
		{6742988D-08AF-4F74-B4F3-88C047D5E2E5}.Release|Any CPU.Build.0 = Release|Any CPU
		{2EAFC4AC-9EE7-4043-9356-25A4FB1DF21A}.Debug|Any CPU.ActiveCfg = Debug|Any CPU
		{2EAFC4AC-9EE7-4043-9356-25A4FB1DF21A}.Debug|Any CPU.Build.0 = Debug|Any CPU
		{2EAFC4AC-9EE7-4043-9356-25A4FB1DF21A}.Release|Any CPU.ActiveCfg = Release|Any CPU
		{2EAFC4AC-9EE7-4043-9356-25A4FB1DF21A}.Release|Any CPU.Build.0 = Release|Any CPU
		{8ADF3DD9-D99C-47A9-A304-F0CFEBBBA442}.Debug|Any CPU.ActiveCfg = Debug|Any CPU
		{8ADF3DD9-D99C-47A9-A304-F0CFEBBBA442}.Debug|Any CPU.Build.0 = Debug|Any CPU
		{8ADF3DD9-D99C-47A9-A304-F0CFEBBBA442}.Release|Any CPU.ActiveCfg = Release|Any CPU
		{8ADF3DD9-D99C-47A9-A304-F0CFEBBBA442}.Release|Any CPU.Build.0 = Release|Any CPU
		{B95F1380-5860-4510-89C8-BC42E6FB6944}.Debug|Any CPU.ActiveCfg = Debug|Any CPU
		{B95F1380-5860-4510-89C8-BC42E6FB6944}.Debug|Any CPU.Build.0 = Debug|Any CPU
		{B95F1380-5860-4510-89C8-BC42E6FB6944}.Release|Any CPU.ActiveCfg = Release|Any CPU
		{B95F1380-5860-4510-89C8-BC42E6FB6944}.Release|Any CPU.Build.0 = Release|Any CPU
		{C8675AC4-324B-4ED9-8A2F-9173A671DAB7}.Debug|Any CPU.ActiveCfg = Debug|Any CPU
		{C8675AC4-324B-4ED9-8A2F-9173A671DAB7}.Debug|Any CPU.Build.0 = Debug|Any CPU
		{C8675AC4-324B-4ED9-8A2F-9173A671DAB7}.Release|Any CPU.ActiveCfg = Release|Any CPU
		{C8675AC4-324B-4ED9-8A2F-9173A671DAB7}.Release|Any CPU.Build.0 = Release|Any CPU
		{B2A9726D-BF39-4AED-97A7-264C67E41239}.Debug|Any CPU.ActiveCfg = Debug|Any CPU
		{B2A9726D-BF39-4AED-97A7-264C67E41239}.Debug|Any CPU.Build.0 = Debug|Any CPU
		{B2A9726D-BF39-4AED-97A7-264C67E41239}.Release|Any CPU.ActiveCfg = Release|Any CPU
		{B2A9726D-BF39-4AED-97A7-264C67E41239}.Release|Any CPU.Build.0 = Release|Any CPU
	EndGlobalSection
	GlobalSection(SolutionProperties) = preSolution
		HideSolutionNode = FALSE
	EndGlobalSection
	GlobalSection(NestedProjects) = preSolution
		{5E9C5C2B-8976-4BA9-BF8D-7C8BFD52006D} = {1B6C735A-8887-4B74-86E8-88999D61D72A}
		{2DC1A390-34BE-4A2B-9AAB-1CF3C4D383B4} = {1B6C735A-8887-4B74-86E8-88999D61D72A}
		{D4D95339-4425-4715-B978-42684F6C1B48} = {1B6C735A-8887-4B74-86E8-88999D61D72A}
		{4E9989DB-0AB8-4036-ABE4-852C8B91530F} = {A621E367-C479-4911-A23D-FD879A3277A2}
		{290995D1-BBBB-42C5-9310-9BA79C29A333} = {A621E367-C479-4911-A23D-FD879A3277A2}
		{A9FFC471-B525-402E-8965-65835FFC1EC1} = {A621E367-C479-4911-A23D-FD879A3277A2}
		{25A73BEF-D025-4A10-8DF5-896057D16789} = {A621E367-C479-4911-A23D-FD879A3277A2}
		{16143EDE-016E-44BF-84EA-BC552A100DA6} = {A621E367-C479-4911-A23D-FD879A3277A2}
		{94421652-1370-46DE-96E0-3E0CDBD71BE7} = {A621E367-C479-4911-A23D-FD879A3277A2}
		{6742988D-08AF-4F74-B4F3-88C047D5E2E5} = {A621E367-C479-4911-A23D-FD879A3277A2}
		{2EAFC4AC-9EE7-4043-9356-25A4FB1DF21A} = {A621E367-C479-4911-A23D-FD879A3277A2}
		{8ADF3DD9-D99C-47A9-A304-F0CFEBBBA442} = {A621E367-C479-4911-A23D-FD879A3277A2}
		{B95F1380-5860-4510-89C8-BC42E6FB6944} = {A621E367-C479-4911-A23D-FD879A3277A2}
		{C8675AC4-324B-4ED9-8A2F-9173A671DAB7} = {A621E367-C479-4911-A23D-FD879A3277A2}
		{B2A9726D-BF39-4AED-97A7-264C67E41239} = {A621E367-C479-4911-A23D-FD879A3277A2}
	EndGlobalSection
	GlobalSection(ExtensibilityGlobals) = postSolution
		SolutionGuid = {590111C3-57D0-485D-BF05-544FE98D0519}
	EndGlobalSection
EndGlobal
