
Microsoft Visual Studio Solution File, Format Version 12.00
# Visual Studio Version 17
VisualStudioVersion = 17.9.34616.47
MinimumVisualStudioVersion = 10.0.40219.1
Project("{9A19103F-16F7-4668-BE54-9A1E7A4F7556}") = "VinZ.MessageQueue", "VinZ\MessageQueue\VinZ.MessageQueue.csproj", "{4E9989DB-0AB8-4036-ABE4-852C8B91530F}"
EndProject
Project("{9A19103F-16F7-4668-BE54-9A1E7A4F7556}") = "VinZ.MessageQueue.Contract", "VinZ\MessageQueue.Contracts\VinZ.MessageQueue.Contract.csproj", "{290995D1-BBBB-42C5-9310-9BA79C29A333}"
EndProject
Project("{9A19103F-16F7-4668-BE54-9A1E7A4F7556}") = "VinZ.Common.FakeTime", "VinZ\FakeTime\VinZ.Common.FakeTime.csproj", "{A9FFC471-B525-402E-8965-65835FFC1EC1}"
EndProject
Project("{9A19103F-16F7-4668-BE54-9A1E7A4F7556}") = "VinZ.Common.FakeTime.Contract", "VinZ\FakeTime.Contracts\VinZ.Common.FakeTime.Contract.csproj", "{25A73BEF-D025-4A10-8DF5-896057D16789}"
EndProject
Project("{2150E333-8FDC-42A3-9474-1A3956D46DE8}") = "9_Common", "9_Common", "{A621E367-C479-4911-A23D-FD879A3277A2}"
EndProject
Project("{2150E333-8FDC-42A3-9474-1A3956D46DE8}") = "2_Business", "2_Business", "{1B6C735A-8887-4B74-86E8-88999D61D72A}"
EndProject
Project("{9A19103F-16F7-4668-BE54-9A1E7A4F7556}") = "VinZ.Common.ToolBox", "VinZ\ToolBox\VinZ.Common.ToolBox.csproj", "{16143EDE-016E-44BF-84EA-BC552A100DA6}"
EndProject
Project("{9A19103F-16F7-4668-BE54-9A1E7A4F7556}") = "VinZ.Common.ParsableHelper", "VinZ\ParsableHelper\VinZ.Common.ParsableHelper.csproj", "{94421652-1370-46DE-96E0-3E0CDBD71BE7}"
EndProject
Project("{9A19103F-16F7-4668-BE54-9A1E7A4F7556}") = "VinZ.Common.PositionHelper", "VinZ\PositionHelper\VinZ.Common.PositionHelper.csproj", "{6742988D-08AF-4F74-B4F3-88C047D5E2E5}"
EndProject
Project("{9A19103F-16F7-4668-BE54-9A1E7A4F7556}") = "VinZ.Common.NumberHelper", "VinZ\NumberHelper\VinZ.Common.NumberHelper.csproj", "{2EAFC4AC-9EE7-4043-9356-25A4FB1DF21A}"
EndProject
Project("{9A19103F-16F7-4668-BE54-9A1E7A4F7556}") = "VinZ.Common.StringHelper", "VinZ\StringHelper\VinZ.Common.StringHelper.csproj", "{8ADF3DD9-D99C-47A9-A304-F0CFEBBBA442}"
EndProject
Project("{9A19103F-16F7-4668-BE54-9A1E7A4F7556}") = "VinZ.GeoIndexing", "VinZ\GeoIndexing\VinZ.GeoIndexing.csproj", "{B95F1380-5860-4510-89C8-BC42E6FB6944}"
EndProject
Project("{9A19103F-16F7-4668-BE54-9A1E7A4F7556}") = "VinZ.GeoIndexing.Contract", "VinZ\GeoIndexing.Contract\VinZ.GeoIndexing.Contract.csproj", "{C8675AC4-324B-4ED9-8A2F-9173A671DAB7}"
EndProject
Project("{9A19103F-16F7-4668-BE54-9A1E7A4F7556}") = "VinZ.Common.RecordHelper", "VinZ\RecordHelper\VinZ.Common.RecordHelper.csproj", "{B2A9726D-BF39-4AED-97A7-264C67E41239}"
EndProject
Project("{9A19103F-16F7-4668-BE54-9A1E7A4F7556}") = "VinZ.Common.ServerContext", "VinZ\ServerContext\VinZ.Common.ServerContext.csproj", "{FAC18B47-AF81-4A82-9EBD-BDB7CA8A0821}"
EndProject
Project("{9A19103F-16F7-4668-BE54-9A1E7A4F7556}") = "VinZ.Common.ServerContext.Contract", "VinZ\ServerContext.Contract\VinZ.Common.ServerContext.Contract.csproj", "{711B5667-1E01-4C4F-8B8B-463A529CD7E7}"
EndProject
Project("{9A19103F-16F7-4668-BE54-9A1E7A4F7556}") = "VinZ.Common.UUIDHelper", "VinZ\UUIDHelper\VinZ.Common.UUIDHelper.csproj", "{296E560B-CBA0-4E77-8E4A-4E6F1AF016B7}"
EndProject
Project("{9A19103F-16F7-4668-BE54-9A1E7A4F7556}") = "VinZ.Common.Paging", "VinZ\Paging\VinZ.Common.Paging.csproj", "{5D1242B1-1B11-40B9-8681-4F02EFFF0CB8}"
EndProject
Project("{9A19103F-16F7-4668-BE54-9A1E7A4F7556}") = "VinZ.Common.DbContext", "VinZ\TransactionHelper\VinZ.Common.DbContext.csproj", "{0CBECF1C-21DF-4806-9AF1-92C769A12A56}"
EndProject
Project("{2150E333-8FDC-42A3-9474-1A3956D46DE8}") = "1_Application", "1_Application", "{E6711E40-9496-40AF-849F-6DB744F072CF}"
EndProject
Project("{9A19103F-16F7-4668-BE54-9A1E7A4F7556}") = "Booking.Admin", "Business\Booking.Admin\Booking.Admin.csproj", "{46323A0F-6EB7-4E54-A28D-3E88580061FB}"
EndProject
Project("{9A19103F-16F7-4668-BE54-9A1E7A4F7556}") = "Booking.Admin.Bus", "Infrastructure\Bus\Booking.Admin.Bus\Booking.Admin.Bus.csproj", "{49EF7E06-75DD-40B9-A574-28AAC1C9CBF7}"
EndProject
Project("{9A19103F-16F7-4668-BE54-9A1E7A4F7556}") = "Booking.Sales", "Business\Booking.Sales\Booking.Sales.csproj", "{CC3E7EA8-C4CA-4214-9F5B-6B7FCD356585}"
EndProject
Project("{9A19103F-16F7-4668-BE54-9A1E7A4F7556}") = "Booking.Sales.bus", "Infrastructure\Bus\Booking.Sales.Bus\Booking.Sales.bus.csproj", "{A61AD78E-4299-4DB0-B56F-2138E7A6D191}"
EndProject
Project("{9A19103F-16F7-4668-BE54-9A1E7A4F7556}") = "Billing", "Business\Billing\Billing.csproj", "{A930E01D-BFED-4944-BE1B-AED839187496}"
EndProject
Project("{9A19103F-16F7-4668-BE54-9A1E7A4F7556}") = "Billing.Bus", "Infrastructure\Bus\Billing.Bus\Billing.Bus.csproj", "{5A5E33EF-4586-48A1-8F51-21380B5022DE}"
EndProject
Project("{9A19103F-16F7-4668-BE54-9A1E7A4F7556}") = "Booking.Planning", "Business\Booking.Planning\Booking.Planning.csproj", "{573B0A22-5280-4C9B-BFCE-492441EB4D03}"
EndProject
Project("{9A19103F-16F7-4668-BE54-9A1E7A4F7556}") = "Booking.Planning.Bus", "Infrastructure\Bus\Booking.Planning.Bus\Booking.Planning.Bus.csproj", "{8A0FE9AE-4056-404E-AB6B-231095787C1A}"
EndProject
Project("{9A19103F-16F7-4668-BE54-9A1E7A4F7556}") = "ThirdParty", "Business\ThirdParty\ThirdParty.csproj", "{6042D693-B7A8-4B0D-AC10-92054622371E}"
EndProject
Project("{2150E333-8FDC-42A3-9474-1A3956D46DE8}") = "3_Infrastructure", "3_Infrastructure", "{3EE78606-F45F-41AF-9280-B96796905DF8}"
EndProject
Project("{9A19103F-16F7-4668-BE54-9A1E7A4F7556}") = "Business.Common", "Business\Business.Common\Business.Common.csproj", "{731DE7D2-8B18-4D80-9EDD-CFA6B79E177E}"
EndProject
Project("{9A19103F-16F7-4668-BE54-9A1E7A4F7556}") = "Money.Repository", "Infrastructure\Repository\Money.Repository\Money.Repository.csproj", "{742DAF79-C1B1-4351-AF78-79F9E1649AC1}"
EndProject
Project("{9A19103F-16F7-4668-BE54-9A1E7A4F7556}") = "Booking.Admin.Repository", "Infrastructure\Repository\Booking.Admin.Repository\Booking.Admin.Repository.csproj", "{F75EA035-9B0E-40FA-9DEA-D05BE087E4A9}"
EndProject
Project("{9A19103F-16F7-4668-BE54-9A1E7A4F7556}") = "Booking.Sales.Repository", "Infrastructure\Repository\Booking.Sales.Repository\Booking.Sales.Repository.csproj", "{E2B5BB16-7571-4CAD-8A4C-3DC48CF7BF3A}"
EndProject
Project("{9A19103F-16F7-4668-BE54-9A1E7A4F7556}") = "Booking.Planning.Repository", "Infrastructure\Repository\Booking.Planning.Repository\Booking.Planning.Repository.csproj", "{F24D710F-2EC6-47D3-8BC8-4DE132614AB3}"
EndProject
Project("{9A19103F-16F7-4668-BE54-9A1E7A4F7556}") = "GeoIndexing.Repository", "Infrastructure\Repository\GeoIndexing.Repository\GeoIndexing.Repository.csproj", "{6D071493-0D6B-4C29-9B9B-3566E3B82B76}"
EndProject
Project("{9A19103F-16F7-4668-BE54-9A1E7A4F7556}") = "Bus.Repository", "Infrastructure\Repository\Bus.Repository\Bus.Repository.csproj", "{35352B34-201E-4169-B557-B94D6A794414}"
EndProject
Project("{9A19103F-16F7-4668-BE54-9A1E7A4F7556}") = "Infrastructure.Storage.Common", "Infrastructure\Repository\Infrastructure.Repository.Common\Infrastructure.Storage.Common.csproj", "{2373D641-4993-4637-903B-E36FA0F1C8BA}"
EndProject
Project("{9A19103F-16F7-4668-BE54-9A1E7A4F7556}") = "Booking.Enterprise.Network", "Infrastructure\BookingKata.Enterprise\Enterprise.Bus\Booking.Enterprise.Network.csproj", "{02B566B8-3B23-41EB-B624-A03F51EAF59C}"
EndProject
Project("{9A19103F-16F7-4668-BE54-9A1E7A4F7556}") = "Booking.Enterprise.Storage", "Infrastructure\BookingKata.Enterprise\Enterprise.Repository\Booking.Enterprise.Storage.csproj", "{9BD9DD31-0ACC-43F6-8DAB-2C7335E00100}"
EndProject
Project("{9A19103F-16F7-4668-BE54-9A1E7A4F7556}") = "VinZ.Common.JsonHelper", "VinZ\JsonHelper\VinZ.Common.JsonHelper.csproj", "{1AEF19F0-BADF-42C8-B2D9-01F627576BBD}"
EndProject
Project("{9A19103F-16F7-4668-BE54-9A1E7A4F7556}") = "VinZ.Common.DateTimeHelper", "VinZ\DateTimeHelper\VinZ.Common.DateTimeHelper.csproj", "{8D87D3CE-8BE2-4EFE-AFD2-2810B9E43DB9}"
EndProject
Project("{9A19103F-16F7-4668-BE54-9A1E7A4F7556}") = "ThirdParty.Contract", "Business\ThirdParty.Contract\ThirdParty.Contract.csproj", "{F4E5CE2C-DF39-4661-861E-83A3D9A202A9}"
EndProject
Project("{9A19103F-16F7-4668-BE54-9A1E7A4F7556}") = "VinZ.Common.HashHelper", "VinZ\HashHelper\VinZ.Common.HashHelper.csproj", "{7601E96A-243C-4FD5-94DC-B7A02CEF38D5}"
EndProject
Project("{9A19103F-16F7-4668-BE54-9A1E7A4F7556}") = "VinZ.Common.ProgramHelper", "VinZ\ProgramHelper\VinZ.Common.ProgramHelper.csproj", "{C366C564-DF3F-4E9C-B2E1-11A5FD5DAACC}"
EndProject
Project("{9A19103F-16F7-4668-BE54-9A1E7A4F7556}") = "Booking.Contract", "Business\Business.Service\Booking.Contract.csproj", "{2CC3D29F-6A2C-44CE-9699-E222C9894C4E}"
EndProject
Project("{9A19103F-16F7-4668-BE54-9A1E7A4F7556}") = "Booking.Shared.Contract", "Business\Booking.Shared\Booking.Shared.Contract.csproj", "{0E69F183-2DA6-4F98-B78D-BD38C94DA78C}"
EndProject
Project("{9A19103F-16F7-4668-BE54-9A1E7A4F7556}") = "VinZ.Common.ApiHelper", "VinZ\ApiHelper\VinZ.Common.ApiHelper.csproj", "{F6AE895F-179B-472A-AF08-6DD2D08C8169}"
EndProject
Project("{9A19103F-16F7-4668-BE54-9A1E7A4F7556}") = "Billing.Bus.Contract", "Infrastructure\Bus\Billing.Bus.Contract\Billing.Bus.Contract.csproj", "{BCC9C024-313D-4A3B-974D-48A92CA4A4BE}"
EndProject
Project("{9A19103F-16F7-4668-BE54-9A1E7A4F7556}") = "ThirdParty.Bus", "Infrastructure\Bus\ThirdParty.Bus\ThirdParty.Bus.csproj", "{93BE97D4-889A-42BE-A0EF-05FEC127E0B9}"
EndProject
Project("{9A19103F-16F7-4668-BE54-9A1E7A4F7556}") = "ThirdParty.Bus.Contract", "Infrastructure\Bus\ThirdParty.Bus.Contract\ThirdParty.Bus.Contract.csproj", "{B7E70BB9-8059-43C8-9471-6C299F358E2F}"
EndProject
Project("{9A19103F-16F7-4668-BE54-9A1E7A4F7556}") = "VinZ.Common.Paging.Contract", "VinZ\Paging.Contract\VinZ.Common.Paging.Contract.csproj", "{5D8ED400-6F98-4624-9899-EE87AFB53010}"
EndProject
Project("{9A19103F-16F7-4668-BE54-9A1E7A4F7556}") = "Bus.Common", "Infrastructure\Infrastructure.Common\Bus.Common.csproj", "{CD7BC766-2BC8-4C7A-B3A6-45C01782B849}"
EndProject
Project("{2150E333-8FDC-42A3-9474-1A3956D46DE8}") = "11_CoreBusiness", "11_CoreBusiness", "{2C7C0458-BADA-4AFA-A783-C9BFE8FCE549}"
EndProject
Project("{2150E333-8FDC-42A3-9474-1A3956D46DE8}") = "12_SupportBusiness", "12_SupportBusiness", "{4776BF65-4729-4D89-8ED6-9AEB1A17AD99}"
EndProject
Project("{2150E333-8FDC-42A3-9474-1A3956D46DE8}") = "21_Core Infrastructure", "21_Core Infrastructure", "{551168A7-5D34-468B-AA45-F201DB565D8D}"
EndProject
Project("{2150E333-8FDC-42A3-9474-1A3956D46DE8}") = "22_Support Infrastructure", "22_Support Infrastructure", "{0392C343-C5AB-4CB7-993A-985DABCBD106}"
EndProject
Project("{2150E333-8FDC-42A3-9474-1A3956D46DE8}") = "Network", "Network", "{E5285CA6-9D0F-4C8C-AC65-AA811D1465FE}"
EndProject
Project("{2150E333-8FDC-42A3-9474-1A3956D46DE8}") = "Storage", "Storage", "{7BB5135F-0A14-486C-B651-EABAFCB958D0}"
EndProject
Project("{2150E333-8FDC-42A3-9474-1A3956D46DE8}") = "Network", "Network", "{A2BFBC72-6B28-49E7-A5DD-A1A5E9075B59}"
EndProject
Project("{2150E333-8FDC-42A3-9474-1A3956D46DE8}") = "Storage", "Storage", "{5C52FE89-A48A-4B30-9604-170917971DF0}"
EndProject
Project("{2150E333-8FDC-42A3-9474-1A3956D46DE8}") = "BookingApi Infrastructure", "BookingApi Infrastructure", "{4A30330A-9E34-41D7-B729-E8F47A7675E2}"
EndProject
Project("{9A19103F-16F7-4668-BE54-9A1E7A4F7556}") = "VinZ.MessageQueue.Client", "VinZ\MessageQueue.Client\VinZ.MessageQueue.Client.csproj", "{E5B0BB04-7297-49FB-AEA4-EC615179D3F3}"
EndProject
Project("{E53339B2-1760-4266-BCC7-CA923CBCF16C}") = "docker-compose", "docker-compose.dcproj", "{0727C3D4-5D0A-43C9-8B04-F4B3BD6F4671}"
EndProject
Project("{9A19103F-16F7-4668-BE54-9A1E7A4F7556}") = "VinZ.GeoIndexing.Test", "VinZ\GeoIndexing.Test\VinZ.GeoIndexing.Test.csproj", "{A6FEF355-9E3B-43B3-98A4-5394B21C38BD}"
EndProject
Project("{9A19103F-16F7-4668-BE54-9A1E7A4F7556}") = "BookingApi", "Application\BookingApi\BookingApi.csproj", "{FCF4DC41-2C5E-4F8C-A167-90BD5FA7704C}"
EndProject
Project("{FAE04EC0-301F-11D3-BF4B-00C04F79EFBC}") = "BookingApi.Test", "Application\BookingApi.Test\BookingApi.Test.csproj", "{563174FB-DC0F-4727-9C67-BD5ACB6EEA77}"
EndProject
Project("{2150E333-8FDC-42A3-9474-1A3956D46DE8}") = "0_Solution Items", "0_Solution Items", "{298FB15F-EAC0-486F-9F7C-BBCD85A4A610}"
	ProjectSection(SolutionItems) = preProject
		LICENSE = LICENSE
		README.md = README.md
	EndProjectSection
EndProject
Project("{9A19103F-16F7-4668-BE54-9A1E7A4F7556}") = "VinZ.Common.DbTransaction", "VinZ\DbContext.Contract\VinZ.Common.DbTransaction.csproj", "{51AFF772-2ACB-4580-99FE-C9DFF6F0090E}"
EndProject
Project("{FAE04EC0-301F-11D3-BF4B-00C04F79EFBC}") = "VinZ.Common.AnotherConsole", "VinZ\AnotherConsole\VinZ.Common.AnotherConsole.csproj", "{16F4F00D-A4B8-4955-BDC7-9E7937FE5AE2}"
EndProject
Global
	GlobalSection(SolutionConfigurationPlatforms) = preSolution
		Debug|Any CPU = Debug|Any CPU
		Release|Any CPU = Release|Any CPU
	EndGlobalSection
	GlobalSection(ProjectConfigurationPlatforms) = postSolution
		{4E9989DB-0AB8-4036-ABE4-852C8B91530F}.Debug|Any CPU.ActiveCfg = Debug|Any CPU
		{4E9989DB-0AB8-4036-ABE4-852C8B91530F}.Debug|Any CPU.Build.0 = Debug|Any CPU
		{4E9989DB-0AB8-4036-ABE4-852C8B91530F}.Release|Any CPU.ActiveCfg = Release|Any CPU
		{4E9989DB-0AB8-4036-ABE4-852C8B91530F}.Release|Any CPU.Build.0 = Release|Any CPU
		{290995D1-BBBB-42C5-9310-9BA79C29A333}.Debug|Any CPU.ActiveCfg = Debug|Any CPU
		{290995D1-BBBB-42C5-9310-9BA79C29A333}.Debug|Any CPU.Build.0 = Debug|Any CPU
		{290995D1-BBBB-42C5-9310-9BA79C29A333}.Release|Any CPU.ActiveCfg = Release|Any CPU
		{290995D1-BBBB-42C5-9310-9BA79C29A333}.Release|Any CPU.Build.0 = Release|Any CPU
		{A9FFC471-B525-402E-8965-65835FFC1EC1}.Debug|Any CPU.ActiveCfg = Debug|Any CPU
		{A9FFC471-B525-402E-8965-65835FFC1EC1}.Debug|Any CPU.Build.0 = Debug|Any CPU
		{A9FFC471-B525-402E-8965-65835FFC1EC1}.Release|Any CPU.ActiveCfg = Release|Any CPU
		{A9FFC471-B525-402E-8965-65835FFC1EC1}.Release|Any CPU.Build.0 = Release|Any CPU
		{25A73BEF-D025-4A10-8DF5-896057D16789}.Debug|Any CPU.ActiveCfg = Debug|Any CPU
		{25A73BEF-D025-4A10-8DF5-896057D16789}.Debug|Any CPU.Build.0 = Debug|Any CPU
		{25A73BEF-D025-4A10-8DF5-896057D16789}.Release|Any CPU.ActiveCfg = Release|Any CPU
		{25A73BEF-D025-4A10-8DF5-896057D16789}.Release|Any CPU.Build.0 = Release|Any CPU
		{16143EDE-016E-44BF-84EA-BC552A100DA6}.Debug|Any CPU.ActiveCfg = Debug|Any CPU
		{16143EDE-016E-44BF-84EA-BC552A100DA6}.Debug|Any CPU.Build.0 = Debug|Any CPU
		{16143EDE-016E-44BF-84EA-BC552A100DA6}.Release|Any CPU.ActiveCfg = Release|Any CPU
		{16143EDE-016E-44BF-84EA-BC552A100DA6}.Release|Any CPU.Build.0 = Release|Any CPU
		{94421652-1370-46DE-96E0-3E0CDBD71BE7}.Debug|Any CPU.ActiveCfg = Debug|Any CPU
		{94421652-1370-46DE-96E0-3E0CDBD71BE7}.Debug|Any CPU.Build.0 = Debug|Any CPU
		{94421652-1370-46DE-96E0-3E0CDBD71BE7}.Release|Any CPU.ActiveCfg = Release|Any CPU
		{94421652-1370-46DE-96E0-3E0CDBD71BE7}.Release|Any CPU.Build.0 = Release|Any CPU
		{6742988D-08AF-4F74-B4F3-88C047D5E2E5}.Debug|Any CPU.ActiveCfg = Debug|Any CPU
		{6742988D-08AF-4F74-B4F3-88C047D5E2E5}.Debug|Any CPU.Build.0 = Debug|Any CPU
		{6742988D-08AF-4F74-B4F3-88C047D5E2E5}.Release|Any CPU.ActiveCfg = Release|Any CPU
		{6742988D-08AF-4F74-B4F3-88C047D5E2E5}.Release|Any CPU.Build.0 = Release|Any CPU
		{2EAFC4AC-9EE7-4043-9356-25A4FB1DF21A}.Debug|Any CPU.ActiveCfg = Debug|Any CPU
		{2EAFC4AC-9EE7-4043-9356-25A4FB1DF21A}.Debug|Any CPU.Build.0 = Debug|Any CPU
		{2EAFC4AC-9EE7-4043-9356-25A4FB1DF21A}.Release|Any CPU.ActiveCfg = Release|Any CPU
		{2EAFC4AC-9EE7-4043-9356-25A4FB1DF21A}.Release|Any CPU.Build.0 = Release|Any CPU
		{8ADF3DD9-D99C-47A9-A304-F0CFEBBBA442}.Debug|Any CPU.ActiveCfg = Debug|Any CPU
		{8ADF3DD9-D99C-47A9-A304-F0CFEBBBA442}.Debug|Any CPU.Build.0 = Debug|Any CPU
		{8ADF3DD9-D99C-47A9-A304-F0CFEBBBA442}.Release|Any CPU.ActiveCfg = Release|Any CPU
		{8ADF3DD9-D99C-47A9-A304-F0CFEBBBA442}.Release|Any CPU.Build.0 = Release|Any CPU
		{B95F1380-5860-4510-89C8-BC42E6FB6944}.Debug|Any CPU.ActiveCfg = Debug|Any CPU
		{B95F1380-5860-4510-89C8-BC42E6FB6944}.Debug|Any CPU.Build.0 = Debug|Any CPU
		{B95F1380-5860-4510-89C8-BC42E6FB6944}.Release|Any CPU.ActiveCfg = Release|Any CPU
		{B95F1380-5860-4510-89C8-BC42E6FB6944}.Release|Any CPU.Build.0 = Release|Any CPU
		{C8675AC4-324B-4ED9-8A2F-9173A671DAB7}.Debug|Any CPU.ActiveCfg = Debug|Any CPU
		{C8675AC4-324B-4ED9-8A2F-9173A671DAB7}.Debug|Any CPU.Build.0 = Debug|Any CPU
		{C8675AC4-324B-4ED9-8A2F-9173A671DAB7}.Release|Any CPU.ActiveCfg = Release|Any CPU
		{C8675AC4-324B-4ED9-8A2F-9173A671DAB7}.Release|Any CPU.Build.0 = Release|Any CPU
		{B2A9726D-BF39-4AED-97A7-264C67E41239}.Debug|Any CPU.ActiveCfg = Debug|Any CPU
		{B2A9726D-BF39-4AED-97A7-264C67E41239}.Debug|Any CPU.Build.0 = Debug|Any CPU
		{B2A9726D-BF39-4AED-97A7-264C67E41239}.Release|Any CPU.ActiveCfg = Release|Any CPU
		{B2A9726D-BF39-4AED-97A7-264C67E41239}.Release|Any CPU.Build.0 = Release|Any CPU
		{FAC18B47-AF81-4A82-9EBD-BDB7CA8A0821}.Debug|Any CPU.ActiveCfg = Debug|Any CPU
		{FAC18B47-AF81-4A82-9EBD-BDB7CA8A0821}.Debug|Any CPU.Build.0 = Debug|Any CPU
		{FAC18B47-AF81-4A82-9EBD-BDB7CA8A0821}.Release|Any CPU.ActiveCfg = Release|Any CPU
		{FAC18B47-AF81-4A82-9EBD-BDB7CA8A0821}.Release|Any CPU.Build.0 = Release|Any CPU
		{711B5667-1E01-4C4F-8B8B-463A529CD7E7}.Debug|Any CPU.ActiveCfg = Debug|Any CPU
		{711B5667-1E01-4C4F-8B8B-463A529CD7E7}.Debug|Any CPU.Build.0 = Debug|Any CPU
		{711B5667-1E01-4C4F-8B8B-463A529CD7E7}.Release|Any CPU.ActiveCfg = Release|Any CPU
		{711B5667-1E01-4C4F-8B8B-463A529CD7E7}.Release|Any CPU.Build.0 = Release|Any CPU
		{296E560B-CBA0-4E77-8E4A-4E6F1AF016B7}.Debug|Any CPU.ActiveCfg = Debug|Any CPU
		{296E560B-CBA0-4E77-8E4A-4E6F1AF016B7}.Debug|Any CPU.Build.0 = Debug|Any CPU
		{296E560B-CBA0-4E77-8E4A-4E6F1AF016B7}.Release|Any CPU.ActiveCfg = Release|Any CPU
		{296E560B-CBA0-4E77-8E4A-4E6F1AF016B7}.Release|Any CPU.Build.0 = Release|Any CPU
		{5D1242B1-1B11-40B9-8681-4F02EFFF0CB8}.Debug|Any CPU.ActiveCfg = Debug|Any CPU
		{5D1242B1-1B11-40B9-8681-4F02EFFF0CB8}.Debug|Any CPU.Build.0 = Debug|Any CPU
		{5D1242B1-1B11-40B9-8681-4F02EFFF0CB8}.Release|Any CPU.ActiveCfg = Release|Any CPU
		{5D1242B1-1B11-40B9-8681-4F02EFFF0CB8}.Release|Any CPU.Build.0 = Release|Any CPU
		{0CBECF1C-21DF-4806-9AF1-92C769A12A56}.Debug|Any CPU.ActiveCfg = Debug|Any CPU
		{0CBECF1C-21DF-4806-9AF1-92C769A12A56}.Debug|Any CPU.Build.0 = Debug|Any CPU
		{0CBECF1C-21DF-4806-9AF1-92C769A12A56}.Release|Any CPU.ActiveCfg = Release|Any CPU
		{0CBECF1C-21DF-4806-9AF1-92C769A12A56}.Release|Any CPU.Build.0 = Release|Any CPU
		{46323A0F-6EB7-4E54-A28D-3E88580061FB}.Debug|Any CPU.ActiveCfg = Debug|Any CPU
		{46323A0F-6EB7-4E54-A28D-3E88580061FB}.Debug|Any CPU.Build.0 = Debug|Any CPU
		{46323A0F-6EB7-4E54-A28D-3E88580061FB}.Release|Any CPU.ActiveCfg = Release|Any CPU
		{46323A0F-6EB7-4E54-A28D-3E88580061FB}.Release|Any CPU.Build.0 = Release|Any CPU
		{49EF7E06-75DD-40B9-A574-28AAC1C9CBF7}.Debug|Any CPU.ActiveCfg = Debug|Any CPU
		{49EF7E06-75DD-40B9-A574-28AAC1C9CBF7}.Debug|Any CPU.Build.0 = Debug|Any CPU
		{49EF7E06-75DD-40B9-A574-28AAC1C9CBF7}.Release|Any CPU.ActiveCfg = Release|Any CPU
		{49EF7E06-75DD-40B9-A574-28AAC1C9CBF7}.Release|Any CPU.Build.0 = Release|Any CPU
		{CC3E7EA8-C4CA-4214-9F5B-6B7FCD356585}.Debug|Any CPU.ActiveCfg = Debug|Any CPU
		{CC3E7EA8-C4CA-4214-9F5B-6B7FCD356585}.Debug|Any CPU.Build.0 = Debug|Any CPU
		{CC3E7EA8-C4CA-4214-9F5B-6B7FCD356585}.Release|Any CPU.ActiveCfg = Release|Any CPU
		{CC3E7EA8-C4CA-4214-9F5B-6B7FCD356585}.Release|Any CPU.Build.0 = Release|Any CPU
		{A61AD78E-4299-4DB0-B56F-2138E7A6D191}.Debug|Any CPU.ActiveCfg = Debug|Any CPU
		{A61AD78E-4299-4DB0-B56F-2138E7A6D191}.Debug|Any CPU.Build.0 = Debug|Any CPU
		{A61AD78E-4299-4DB0-B56F-2138E7A6D191}.Release|Any CPU.ActiveCfg = Release|Any CPU
		{A61AD78E-4299-4DB0-B56F-2138E7A6D191}.Release|Any CPU.Build.0 = Release|Any CPU
		{A930E01D-BFED-4944-BE1B-AED839187496}.Debug|Any CPU.ActiveCfg = Debug|Any CPU
		{A930E01D-BFED-4944-BE1B-AED839187496}.Debug|Any CPU.Build.0 = Debug|Any CPU
		{A930E01D-BFED-4944-BE1B-AED839187496}.Release|Any CPU.ActiveCfg = Release|Any CPU
		{A930E01D-BFED-4944-BE1B-AED839187496}.Release|Any CPU.Build.0 = Release|Any CPU
		{5A5E33EF-4586-48A1-8F51-21380B5022DE}.Debug|Any CPU.ActiveCfg = Debug|Any CPU
		{5A5E33EF-4586-48A1-8F51-21380B5022DE}.Debug|Any CPU.Build.0 = Debug|Any CPU
		{5A5E33EF-4586-48A1-8F51-21380B5022DE}.Release|Any CPU.ActiveCfg = Release|Any CPU
		{5A5E33EF-4586-48A1-8F51-21380B5022DE}.Release|Any CPU.Build.0 = Release|Any CPU
		{573B0A22-5280-4C9B-BFCE-492441EB4D03}.Debug|Any CPU.ActiveCfg = Debug|Any CPU
		{573B0A22-5280-4C9B-BFCE-492441EB4D03}.Debug|Any CPU.Build.0 = Debug|Any CPU
		{573B0A22-5280-4C9B-BFCE-492441EB4D03}.Release|Any CPU.ActiveCfg = Release|Any CPU
		{573B0A22-5280-4C9B-BFCE-492441EB4D03}.Release|Any CPU.Build.0 = Release|Any CPU
		{8A0FE9AE-4056-404E-AB6B-231095787C1A}.Debug|Any CPU.ActiveCfg = Debug|Any CPU
		{8A0FE9AE-4056-404E-AB6B-231095787C1A}.Debug|Any CPU.Build.0 = Debug|Any CPU
		{8A0FE9AE-4056-404E-AB6B-231095787C1A}.Release|Any CPU.ActiveCfg = Release|Any CPU
		{8A0FE9AE-4056-404E-AB6B-231095787C1A}.Release|Any CPU.Build.0 = Release|Any CPU
		{6042D693-B7A8-4B0D-AC10-92054622371E}.Debug|Any CPU.ActiveCfg = Debug|Any CPU
		{6042D693-B7A8-4B0D-AC10-92054622371E}.Debug|Any CPU.Build.0 = Debug|Any CPU
		{6042D693-B7A8-4B0D-AC10-92054622371E}.Release|Any CPU.ActiveCfg = Release|Any CPU
		{6042D693-B7A8-4B0D-AC10-92054622371E}.Release|Any CPU.Build.0 = Release|Any CPU
		{731DE7D2-8B18-4D80-9EDD-CFA6B79E177E}.Debug|Any CPU.ActiveCfg = Debug|Any CPU
		{731DE7D2-8B18-4D80-9EDD-CFA6B79E177E}.Debug|Any CPU.Build.0 = Debug|Any CPU
		{731DE7D2-8B18-4D80-9EDD-CFA6B79E177E}.Release|Any CPU.ActiveCfg = Release|Any CPU
		{731DE7D2-8B18-4D80-9EDD-CFA6B79E177E}.Release|Any CPU.Build.0 = Release|Any CPU
		{742DAF79-C1B1-4351-AF78-79F9E1649AC1}.Debug|Any CPU.ActiveCfg = Debug|Any CPU
		{742DAF79-C1B1-4351-AF78-79F9E1649AC1}.Debug|Any CPU.Build.0 = Debug|Any CPU
		{742DAF79-C1B1-4351-AF78-79F9E1649AC1}.Release|Any CPU.ActiveCfg = Release|Any CPU
		{742DAF79-C1B1-4351-AF78-79F9E1649AC1}.Release|Any CPU.Build.0 = Release|Any CPU
		{F75EA035-9B0E-40FA-9DEA-D05BE087E4A9}.Debug|Any CPU.ActiveCfg = Debug|Any CPU
		{F75EA035-9B0E-40FA-9DEA-D05BE087E4A9}.Debug|Any CPU.Build.0 = Debug|Any CPU
		{F75EA035-9B0E-40FA-9DEA-D05BE087E4A9}.Release|Any CPU.ActiveCfg = Release|Any CPU
		{F75EA035-9B0E-40FA-9DEA-D05BE087E4A9}.Release|Any CPU.Build.0 = Release|Any CPU
		{E2B5BB16-7571-4CAD-8A4C-3DC48CF7BF3A}.Debug|Any CPU.ActiveCfg = Debug|Any CPU
		{E2B5BB16-7571-4CAD-8A4C-3DC48CF7BF3A}.Debug|Any CPU.Build.0 = Debug|Any CPU
		{E2B5BB16-7571-4CAD-8A4C-3DC48CF7BF3A}.Release|Any CPU.ActiveCfg = Release|Any CPU
		{E2B5BB16-7571-4CAD-8A4C-3DC48CF7BF3A}.Release|Any CPU.Build.0 = Release|Any CPU
		{F24D710F-2EC6-47D3-8BC8-4DE132614AB3}.Debug|Any CPU.ActiveCfg = Debug|Any CPU
		{F24D710F-2EC6-47D3-8BC8-4DE132614AB3}.Debug|Any CPU.Build.0 = Debug|Any CPU
		{F24D710F-2EC6-47D3-8BC8-4DE132614AB3}.Release|Any CPU.ActiveCfg = Release|Any CPU
		{F24D710F-2EC6-47D3-8BC8-4DE132614AB3}.Release|Any CPU.Build.0 = Release|Any CPU
		{6D071493-0D6B-4C29-9B9B-3566E3B82B76}.Debug|Any CPU.ActiveCfg = Debug|Any CPU
		{6D071493-0D6B-4C29-9B9B-3566E3B82B76}.Debug|Any CPU.Build.0 = Debug|Any CPU
		{6D071493-0D6B-4C29-9B9B-3566E3B82B76}.Release|Any CPU.ActiveCfg = Release|Any CPU
		{6D071493-0D6B-4C29-9B9B-3566E3B82B76}.Release|Any CPU.Build.0 = Release|Any CPU
		{35352B34-201E-4169-B557-B94D6A794414}.Debug|Any CPU.ActiveCfg = Debug|Any CPU
		{35352B34-201E-4169-B557-B94D6A794414}.Debug|Any CPU.Build.0 = Debug|Any CPU
		{35352B34-201E-4169-B557-B94D6A794414}.Release|Any CPU.ActiveCfg = Release|Any CPU
		{35352B34-201E-4169-B557-B94D6A794414}.Release|Any CPU.Build.0 = Release|Any CPU
		{2373D641-4993-4637-903B-E36FA0F1C8BA}.Debug|Any CPU.ActiveCfg = Debug|Any CPU
		{2373D641-4993-4637-903B-E36FA0F1C8BA}.Debug|Any CPU.Build.0 = Debug|Any CPU
		{2373D641-4993-4637-903B-E36FA0F1C8BA}.Release|Any CPU.ActiveCfg = Release|Any CPU
		{2373D641-4993-4637-903B-E36FA0F1C8BA}.Release|Any CPU.Build.0 = Release|Any CPU
		{02B566B8-3B23-41EB-B624-A03F51EAF59C}.Debug|Any CPU.ActiveCfg = Debug|Any CPU
		{02B566B8-3B23-41EB-B624-A03F51EAF59C}.Debug|Any CPU.Build.0 = Debug|Any CPU
		{02B566B8-3B23-41EB-B624-A03F51EAF59C}.Release|Any CPU.ActiveCfg = Release|Any CPU
		{02B566B8-3B23-41EB-B624-A03F51EAF59C}.Release|Any CPU.Build.0 = Release|Any CPU
		{9BD9DD31-0ACC-43F6-8DAB-2C7335E00100}.Debug|Any CPU.ActiveCfg = Debug|Any CPU
		{9BD9DD31-0ACC-43F6-8DAB-2C7335E00100}.Debug|Any CPU.Build.0 = Debug|Any CPU
		{9BD9DD31-0ACC-43F6-8DAB-2C7335E00100}.Release|Any CPU.ActiveCfg = Release|Any CPU
		{9BD9DD31-0ACC-43F6-8DAB-2C7335E00100}.Release|Any CPU.Build.0 = Release|Any CPU
		{1AEF19F0-BADF-42C8-B2D9-01F627576BBD}.Debug|Any CPU.ActiveCfg = Debug|Any CPU
		{1AEF19F0-BADF-42C8-B2D9-01F627576BBD}.Debug|Any CPU.Build.0 = Debug|Any CPU
		{1AEF19F0-BADF-42C8-B2D9-01F627576BBD}.Release|Any CPU.ActiveCfg = Release|Any CPU
		{1AEF19F0-BADF-42C8-B2D9-01F627576BBD}.Release|Any CPU.Build.0 = Release|Any CPU
		{8D87D3CE-8BE2-4EFE-AFD2-2810B9E43DB9}.Debug|Any CPU.ActiveCfg = Debug|Any CPU
		{8D87D3CE-8BE2-4EFE-AFD2-2810B9E43DB9}.Debug|Any CPU.Build.0 = Debug|Any CPU
		{8D87D3CE-8BE2-4EFE-AFD2-2810B9E43DB9}.Release|Any CPU.ActiveCfg = Release|Any CPU
		{8D87D3CE-8BE2-4EFE-AFD2-2810B9E43DB9}.Release|Any CPU.Build.0 = Release|Any CPU
		{F4E5CE2C-DF39-4661-861E-83A3D9A202A9}.Debug|Any CPU.ActiveCfg = Debug|Any CPU
		{F4E5CE2C-DF39-4661-861E-83A3D9A202A9}.Debug|Any CPU.Build.0 = Debug|Any CPU
		{F4E5CE2C-DF39-4661-861E-83A3D9A202A9}.Release|Any CPU.ActiveCfg = Release|Any CPU
		{F4E5CE2C-DF39-4661-861E-83A3D9A202A9}.Release|Any CPU.Build.0 = Release|Any CPU
		{7601E96A-243C-4FD5-94DC-B7A02CEF38D5}.Debug|Any CPU.ActiveCfg = Debug|Any CPU
		{7601E96A-243C-4FD5-94DC-B7A02CEF38D5}.Debug|Any CPU.Build.0 = Debug|Any CPU
		{7601E96A-243C-4FD5-94DC-B7A02CEF38D5}.Release|Any CPU.ActiveCfg = Release|Any CPU
		{7601E96A-243C-4FD5-94DC-B7A02CEF38D5}.Release|Any CPU.Build.0 = Release|Any CPU
		{C366C564-DF3F-4E9C-B2E1-11A5FD5DAACC}.Debug|Any CPU.ActiveCfg = Debug|Any CPU
		{C366C564-DF3F-4E9C-B2E1-11A5FD5DAACC}.Debug|Any CPU.Build.0 = Debug|Any CPU
		{C366C564-DF3F-4E9C-B2E1-11A5FD5DAACC}.Release|Any CPU.ActiveCfg = Release|Any CPU
		{C366C564-DF3F-4E9C-B2E1-11A5FD5DAACC}.Release|Any CPU.Build.0 = Release|Any CPU
		{2CC3D29F-6A2C-44CE-9699-E222C9894C4E}.Debug|Any CPU.ActiveCfg = Debug|Any CPU
		{2CC3D29F-6A2C-44CE-9699-E222C9894C4E}.Debug|Any CPU.Build.0 = Debug|Any CPU
		{2CC3D29F-6A2C-44CE-9699-E222C9894C4E}.Release|Any CPU.ActiveCfg = Release|Any CPU
		{2CC3D29F-6A2C-44CE-9699-E222C9894C4E}.Release|Any CPU.Build.0 = Release|Any CPU
		{0E69F183-2DA6-4F98-B78D-BD38C94DA78C}.Debug|Any CPU.ActiveCfg = Debug|Any CPU
		{0E69F183-2DA6-4F98-B78D-BD38C94DA78C}.Debug|Any CPU.Build.0 = Debug|Any CPU
		{0E69F183-2DA6-4F98-B78D-BD38C94DA78C}.Release|Any CPU.ActiveCfg = Release|Any CPU
		{0E69F183-2DA6-4F98-B78D-BD38C94DA78C}.Release|Any CPU.Build.0 = Release|Any CPU
		{F6AE895F-179B-472A-AF08-6DD2D08C8169}.Debug|Any CPU.ActiveCfg = Debug|Any CPU
		{F6AE895F-179B-472A-AF08-6DD2D08C8169}.Debug|Any CPU.Build.0 = Debug|Any CPU
		{F6AE895F-179B-472A-AF08-6DD2D08C8169}.Release|Any CPU.ActiveCfg = Release|Any CPU
		{F6AE895F-179B-472A-AF08-6DD2D08C8169}.Release|Any CPU.Build.0 = Release|Any CPU
		{BCC9C024-313D-4A3B-974D-48A92CA4A4BE}.Debug|Any CPU.ActiveCfg = Debug|Any CPU
		{BCC9C024-313D-4A3B-974D-48A92CA4A4BE}.Debug|Any CPU.Build.0 = Debug|Any CPU
		{BCC9C024-313D-4A3B-974D-48A92CA4A4BE}.Release|Any CPU.ActiveCfg = Release|Any CPU
		{BCC9C024-313D-4A3B-974D-48A92CA4A4BE}.Release|Any CPU.Build.0 = Release|Any CPU
		{93BE97D4-889A-42BE-A0EF-05FEC127E0B9}.Debug|Any CPU.ActiveCfg = Debug|Any CPU
		{93BE97D4-889A-42BE-A0EF-05FEC127E0B9}.Debug|Any CPU.Build.0 = Debug|Any CPU
		{93BE97D4-889A-42BE-A0EF-05FEC127E0B9}.Release|Any CPU.ActiveCfg = Release|Any CPU
		{93BE97D4-889A-42BE-A0EF-05FEC127E0B9}.Release|Any CPU.Build.0 = Release|Any CPU
		{B7E70BB9-8059-43C8-9471-6C299F358E2F}.Debug|Any CPU.ActiveCfg = Debug|Any CPU
		{B7E70BB9-8059-43C8-9471-6C299F358E2F}.Debug|Any CPU.Build.0 = Debug|Any CPU
		{B7E70BB9-8059-43C8-9471-6C299F358E2F}.Release|Any CPU.ActiveCfg = Release|Any CPU
		{B7E70BB9-8059-43C8-9471-6C299F358E2F}.Release|Any CPU.Build.0 = Release|Any CPU
		{5D8ED400-6F98-4624-9899-EE87AFB53010}.Debug|Any CPU.ActiveCfg = Debug|Any CPU
		{5D8ED400-6F98-4624-9899-EE87AFB53010}.Debug|Any CPU.Build.0 = Debug|Any CPU
		{5D8ED400-6F98-4624-9899-EE87AFB53010}.Release|Any CPU.ActiveCfg = Release|Any CPU
		{5D8ED400-6F98-4624-9899-EE87AFB53010}.Release|Any CPU.Build.0 = Release|Any CPU
		{CD7BC766-2BC8-4C7A-B3A6-45C01782B849}.Debug|Any CPU.ActiveCfg = Debug|Any CPU
		{CD7BC766-2BC8-4C7A-B3A6-45C01782B849}.Debug|Any CPU.Build.0 = Debug|Any CPU
		{CD7BC766-2BC8-4C7A-B3A6-45C01782B849}.Release|Any CPU.ActiveCfg = Release|Any CPU
		{CD7BC766-2BC8-4C7A-B3A6-45C01782B849}.Release|Any CPU.Build.0 = Release|Any CPU
		{E5B0BB04-7297-49FB-AEA4-EC615179D3F3}.Debug|Any CPU.ActiveCfg = Debug|Any CPU
		{E5B0BB04-7297-49FB-AEA4-EC615179D3F3}.Debug|Any CPU.Build.0 = Debug|Any CPU
		{E5B0BB04-7297-49FB-AEA4-EC615179D3F3}.Release|Any CPU.ActiveCfg = Release|Any CPU
		{E5B0BB04-7297-49FB-AEA4-EC615179D3F3}.Release|Any CPU.Build.0 = Release|Any CPU
		{0727C3D4-5D0A-43C9-8B04-F4B3BD6F4671}.Debug|Any CPU.ActiveCfg = Debug|Any CPU
		{0727C3D4-5D0A-43C9-8B04-F4B3BD6F4671}.Debug|Any CPU.Build.0 = Debug|Any CPU
		{0727C3D4-5D0A-43C9-8B04-F4B3BD6F4671}.Release|Any CPU.ActiveCfg = Release|Any CPU
		{0727C3D4-5D0A-43C9-8B04-F4B3BD6F4671}.Release|Any CPU.Build.0 = Release|Any CPU
		{A6FEF355-9E3B-43B3-98A4-5394B21C38BD}.Debug|Any CPU.ActiveCfg = Debug|Any CPU
		{A6FEF355-9E3B-43B3-98A4-5394B21C38BD}.Debug|Any CPU.Build.0 = Debug|Any CPU
		{A6FEF355-9E3B-43B3-98A4-5394B21C38BD}.Release|Any CPU.ActiveCfg = Release|Any CPU
		{A6FEF355-9E3B-43B3-98A4-5394B21C38BD}.Release|Any CPU.Build.0 = Release|Any CPU
		{FCF4DC41-2C5E-4F8C-A167-90BD5FA7704C}.Debug|Any CPU.ActiveCfg = Debug|Any CPU
		{FCF4DC41-2C5E-4F8C-A167-90BD5FA7704C}.Debug|Any CPU.Build.0 = Debug|Any CPU
		{FCF4DC41-2C5E-4F8C-A167-90BD5FA7704C}.Release|Any CPU.ActiveCfg = Release|Any CPU
		{FCF4DC41-2C5E-4F8C-A167-90BD5FA7704C}.Release|Any CPU.Build.0 = Release|Any CPU
		{563174FB-DC0F-4727-9C67-BD5ACB6EEA77}.Debug|Any CPU.ActiveCfg = Debug|Any CPU
		{563174FB-DC0F-4727-9C67-BD5ACB6EEA77}.Debug|Any CPU.Build.0 = Debug|Any CPU
		{563174FB-DC0F-4727-9C67-BD5ACB6EEA77}.Release|Any CPU.ActiveCfg = Release|Any CPU
		{563174FB-DC0F-4727-9C67-BD5ACB6EEA77}.Release|Any CPU.Build.0 = Release|Any CPU
		{51AFF772-2ACB-4580-99FE-C9DFF6F0090E}.Debug|Any CPU.ActiveCfg = Debug|Any CPU
		{51AFF772-2ACB-4580-99FE-C9DFF6F0090E}.Debug|Any CPU.Build.0 = Debug|Any CPU
		{51AFF772-2ACB-4580-99FE-C9DFF6F0090E}.Release|Any CPU.ActiveCfg = Release|Any CPU
		{51AFF772-2ACB-4580-99FE-C9DFF6F0090E}.Release|Any CPU.Build.0 = Release|Any CPU
		{16F4F00D-A4B8-4955-BDC7-9E7937FE5AE2}.Debug|Any CPU.ActiveCfg = Debug|Any CPU
		{16F4F00D-A4B8-4955-BDC7-9E7937FE5AE2}.Debug|Any CPU.Build.0 = Debug|Any CPU
		{16F4F00D-A4B8-4955-BDC7-9E7937FE5AE2}.Release|Any CPU.ActiveCfg = Release|Any CPU
		{16F4F00D-A4B8-4955-BDC7-9E7937FE5AE2}.Release|Any CPU.Build.0 = Release|Any CPU
	EndGlobalSection
	GlobalSection(SolutionProperties) = preSolution
		HideSolutionNode = FALSE
	EndGlobalSection
	GlobalSection(NestedProjects) = preSolution
		{4E9989DB-0AB8-4036-ABE4-852C8B91530F} = {A621E367-C479-4911-A23D-FD879A3277A2}
		{290995D1-BBBB-42C5-9310-9BA79C29A333} = {A621E367-C479-4911-A23D-FD879A3277A2}
		{A9FFC471-B525-402E-8965-65835FFC1EC1} = {A621E367-C479-4911-A23D-FD879A3277A2}
		{25A73BEF-D025-4A10-8DF5-896057D16789} = {A621E367-C479-4911-A23D-FD879A3277A2}
		{16143EDE-016E-44BF-84EA-BC552A100DA6} = {A621E367-C479-4911-A23D-FD879A3277A2}
		{94421652-1370-46DE-96E0-3E0CDBD71BE7} = {A621E367-C479-4911-A23D-FD879A3277A2}
		{6742988D-08AF-4F74-B4F3-88C047D5E2E5} = {A621E367-C479-4911-A23D-FD879A3277A2}
		{2EAFC4AC-9EE7-4043-9356-25A4FB1DF21A} = {A621E367-C479-4911-A23D-FD879A3277A2}
		{8ADF3DD9-D99C-47A9-A304-F0CFEBBBA442} = {A621E367-C479-4911-A23D-FD879A3277A2}
		{B95F1380-5860-4510-89C8-BC42E6FB6944} = {A621E367-C479-4911-A23D-FD879A3277A2}
		{C8675AC4-324B-4ED9-8A2F-9173A671DAB7} = {A621E367-C479-4911-A23D-FD879A3277A2}
		{B2A9726D-BF39-4AED-97A7-264C67E41239} = {A621E367-C479-4911-A23D-FD879A3277A2}
		{FAC18B47-AF81-4A82-9EBD-BDB7CA8A0821} = {A621E367-C479-4911-A23D-FD879A3277A2}
		{711B5667-1E01-4C4F-8B8B-463A529CD7E7} = {A621E367-C479-4911-A23D-FD879A3277A2}
		{296E560B-CBA0-4E77-8E4A-4E6F1AF016B7} = {A621E367-C479-4911-A23D-FD879A3277A2}
		{5D1242B1-1B11-40B9-8681-4F02EFFF0CB8} = {A621E367-C479-4911-A23D-FD879A3277A2}
		{0CBECF1C-21DF-4806-9AF1-92C769A12A56} = {A621E367-C479-4911-A23D-FD879A3277A2}
		{46323A0F-6EB7-4E54-A28D-3E88580061FB} = {2C7C0458-BADA-4AFA-A783-C9BFE8FCE549}
		{49EF7E06-75DD-40B9-A574-28AAC1C9CBF7} = {E5285CA6-9D0F-4C8C-AC65-AA811D1465FE}
		{CC3E7EA8-C4CA-4214-9F5B-6B7FCD356585} = {2C7C0458-BADA-4AFA-A783-C9BFE8FCE549}
		{A61AD78E-4299-4DB0-B56F-2138E7A6D191} = {E5285CA6-9D0F-4C8C-AC65-AA811D1465FE}
		{A930E01D-BFED-4944-BE1B-AED839187496} = {4776BF65-4729-4D89-8ED6-9AEB1A17AD99}
		{5A5E33EF-4586-48A1-8F51-21380B5022DE} = {A2BFBC72-6B28-49E7-A5DD-A1A5E9075B59}
		{573B0A22-5280-4C9B-BFCE-492441EB4D03} = {2C7C0458-BADA-4AFA-A783-C9BFE8FCE549}
		{8A0FE9AE-4056-404E-AB6B-231095787C1A} = {E5285CA6-9D0F-4C8C-AC65-AA811D1465FE}
		{6042D693-B7A8-4B0D-AC10-92054622371E} = {4776BF65-4729-4D89-8ED6-9AEB1A17AD99}
		{731DE7D2-8B18-4D80-9EDD-CFA6B79E177E} = {1B6C735A-8887-4B74-86E8-88999D61D72A}
		{742DAF79-C1B1-4351-AF78-79F9E1649AC1} = {5C52FE89-A48A-4B30-9604-170917971DF0}
		{F75EA035-9B0E-40FA-9DEA-D05BE087E4A9} = {7BB5135F-0A14-486C-B651-EABAFCB958D0}
		{E2B5BB16-7571-4CAD-8A4C-3DC48CF7BF3A} = {7BB5135F-0A14-486C-B651-EABAFCB958D0}
		{F24D710F-2EC6-47D3-8BC8-4DE132614AB3} = {7BB5135F-0A14-486C-B651-EABAFCB958D0}
		{6D071493-0D6B-4C29-9B9B-3566E3B82B76} = {5C52FE89-A48A-4B30-9604-170917971DF0}
		{35352B34-201E-4169-B557-B94D6A794414} = {5C52FE89-A48A-4B30-9604-170917971DF0}
		{2373D641-4993-4637-903B-E36FA0F1C8BA} = {3EE78606-F45F-41AF-9280-B96796905DF8}
		{02B566B8-3B23-41EB-B624-A03F51EAF59C} = {4A30330A-9E34-41D7-B729-E8F47A7675E2}
		{9BD9DD31-0ACC-43F6-8DAB-2C7335E00100} = {4A30330A-9E34-41D7-B729-E8F47A7675E2}
		{1AEF19F0-BADF-42C8-B2D9-01F627576BBD} = {A621E367-C479-4911-A23D-FD879A3277A2}
		{8D87D3CE-8BE2-4EFE-AFD2-2810B9E43DB9} = {A621E367-C479-4911-A23D-FD879A3277A2}
		{F4E5CE2C-DF39-4661-861E-83A3D9A202A9} = {4776BF65-4729-4D89-8ED6-9AEB1A17AD99}
		{7601E96A-243C-4FD5-94DC-B7A02CEF38D5} = {A621E367-C479-4911-A23D-FD879A3277A2}
		{C366C564-DF3F-4E9C-B2E1-11A5FD5DAACC} = {A621E367-C479-4911-A23D-FD879A3277A2}
		{2CC3D29F-6A2C-44CE-9699-E222C9894C4E} = {E5285CA6-9D0F-4C8C-AC65-AA811D1465FE}
		{0E69F183-2DA6-4F98-B78D-BD38C94DA78C} = {2C7C0458-BADA-4AFA-A783-C9BFE8FCE549}
		{F6AE895F-179B-472A-AF08-6DD2D08C8169} = {A621E367-C479-4911-A23D-FD879A3277A2}
		{BCC9C024-313D-4A3B-974D-48A92CA4A4BE} = {A2BFBC72-6B28-49E7-A5DD-A1A5E9075B59}
		{93BE97D4-889A-42BE-A0EF-05FEC127E0B9} = {A2BFBC72-6B28-49E7-A5DD-A1A5E9075B59}
		{B7E70BB9-8059-43C8-9471-6C299F358E2F} = {A2BFBC72-6B28-49E7-A5DD-A1A5E9075B59}
		{5D8ED400-6F98-4624-9899-EE87AFB53010} = {A621E367-C479-4911-A23D-FD879A3277A2}
		{CD7BC766-2BC8-4C7A-B3A6-45C01782B849} = {A2BFBC72-6B28-49E7-A5DD-A1A5E9075B59}
		{2C7C0458-BADA-4AFA-A783-C9BFE8FCE549} = {1B6C735A-8887-4B74-86E8-88999D61D72A}
		{4776BF65-4729-4D89-8ED6-9AEB1A17AD99} = {1B6C735A-8887-4B74-86E8-88999D61D72A}
		{551168A7-5D34-468B-AA45-F201DB565D8D} = {3EE78606-F45F-41AF-9280-B96796905DF8}
		{0392C343-C5AB-4CB7-993A-985DABCBD106} = {3EE78606-F45F-41AF-9280-B96796905DF8}
		{E5285CA6-9D0F-4C8C-AC65-AA811D1465FE} = {551168A7-5D34-468B-AA45-F201DB565D8D}
		{7BB5135F-0A14-486C-B651-EABAFCB958D0} = {551168A7-5D34-468B-AA45-F201DB565D8D}
		{A2BFBC72-6B28-49E7-A5DD-A1A5E9075B59} = {0392C343-C5AB-4CB7-993A-985DABCBD106}
		{5C52FE89-A48A-4B30-9604-170917971DF0} = {0392C343-C5AB-4CB7-993A-985DABCBD106}
		{4A30330A-9E34-41D7-B729-E8F47A7675E2} = {E6711E40-9496-40AF-849F-6DB744F072CF}
		{E5B0BB04-7297-49FB-AEA4-EC615179D3F3} = {A621E367-C479-4911-A23D-FD879A3277A2}
		{0727C3D4-5D0A-43C9-8B04-F4B3BD6F4671} = {298FB15F-EAC0-486F-9F7C-BBCD85A4A610}
		{A6FEF355-9E3B-43B3-98A4-5394B21C38BD} = {A621E367-C479-4911-A23D-FD879A3277A2}
		{FCF4DC41-2C5E-4F8C-A167-90BD5FA7704C} = {E6711E40-9496-40AF-849F-6DB744F072CF}
		{563174FB-DC0F-4727-9C67-BD5ACB6EEA77} = {E6711E40-9496-40AF-849F-6DB744F072CF}
		{51AFF772-2ACB-4580-99FE-C9DFF6F0090E} = {A621E367-C479-4911-A23D-FD879A3277A2}
		{16F4F00D-A4B8-4955-BDC7-9E7937FE5AE2} = {A621E367-C479-4911-A23D-FD879A3277A2}
	EndGlobalSection
	GlobalSection(ExtensibilityGlobals) = postSolution
		SolutionGuid = {590111C3-57D0-485D-BF05-544FE98D0519}
	EndGlobalSection
EndGlobal
